<?xml version="1.0" encoding="utf-8"?>
<Project ToolsVersion="4.0" xmlns="http://schemas.microsoft.com/developer/msbuild/2003">
  <ItemGroup>
    <ClCompile Include="src\ofApp.cpp">
      <Filter>src</Filter>
    </ClCompile>
    <ClCompile Include="src\main.cpp">
      <Filter>src</Filter>
    </ClCompile>
    <ClCompile Include="src\canvas.cpp">
      <Filter>src</Filter>
    </ClCompile>
    <ClCompile Include="src\controllers\drawFilter_Controller.cpp">
      <Filter>src\controllers</Filter>
    </ClCompile>
    <ClCompile Include="src\controllers\drawPixel_Controller.cpp">
      <Filter>src\controllers</Filter>
    </ClCompile>
    <ClCompile Include="src\controllers\generator_Controller.cpp">
      <Filter>src\controllers</Filter>
    </ClCompile>
    <ClCompile Include="src\controllers\imageFilter_Controller.cpp">
      <Filter>src\controllers</Filter>
    </ClCompile>
    <ClCompile Include="src\controllers\soundDevice_Controller.cpp">
      <Filter>src\controllers</Filter>
    </ClCompile>
    <ClCompile Include="src\controllers\source_Controller.cpp">
      <Filter>src\controllers</Filter>
    </ClCompile>
    <ClCompile Include="src\drawFilters\drawFilter.cpp">
      <Filter>src\drawFilters</Filter>
    </ClCompile>
    <ClCompile Include="src\drawFilters\drawFilter_Lumes.cpp">
      <Filter>src\drawFilters</Filter>
    </ClCompile>
    <ClCompile Include="src\drawFilters\drawFilter_Mesh.cpp">
      <Filter>src\drawFilters</Filter>
    </ClCompile>
    <ClCompile Include="src\drawFilters\drawFilter_Noise.cpp">
      <Filter>src\drawFilters</Filter>
    </ClCompile>
    <ClCompile Include="src\drawFilters\drawFilter_Pixelate.cpp">
      <Filter>src\drawFilters</Filter>
    </ClCompile>
    <ClCompile Include="src\drawFilters\drawFilter_Pixelate2.cpp">
      <Filter>src\drawFilters</Filter>
    </ClCompile>
    <ClCompile Include="src\drawFilters\drawFilter_Rings.cpp">
      <Filter>src\drawFilters</Filter>
    </ClCompile>
    <ClCompile Include="src\drawPixels\drawPixel.cpp">
      <Filter>src\drawPixels</Filter>
    </ClCompile>
    <ClCompile Include="src\drawPixels\drawPixel_Normal.cpp">
      <Filter>src\drawPixels</Filter>
    </ClCompile>
    <ClCompile Include="src\drawPixels\drawPixel_SeparateCMYK_Bars01.cpp">
      <Filter>src\drawPixels</Filter>
    </ClCompile>
    <ClCompile Include="src\drawPixels\drawPixel_SeparateCMYK_Para01.cpp">
      <Filter>src\drawPixels</Filter>
    </ClCompile>
    <ClCompile Include="src\drawPixels\drawPixel_SeparateCMYK_Rect01.cpp">
      <Filter>src\drawPixels</Filter>
    </ClCompile>
    <ClCompile Include="src\drawPixels\drawPixel_SeparateCMYK_Rect02.cpp">
      <Filter>src\drawPixels</Filter>
    </ClCompile>
    <ClCompile Include="src\drawPixels\drawPixel_SeparateCMYK_Rect03.cpp">
      <Filter>src\drawPixels</Filter>
    </ClCompile>
    <ClCompile Include="src\drawPixels\drawPixel_SeparateCMYK_Rect04.cpp">
      <Filter>src\drawPixels</Filter>
    </ClCompile>
    <ClCompile Include="src\drawPixels\drawPixel_SeparateCMY_Bars01.cpp">
      <Filter>src\drawPixels</Filter>
    </ClCompile>
    <ClCompile Include="src\drawPixels\drawPixel_SeparateRGB_Bars01.cpp">
      <Filter>src\drawPixels</Filter>
    </ClCompile>
    <ClCompile Include="src\frameBuffer.cpp">
      <Filter>src</Filter>
    </ClCompile>
    <ClCompile Include="src\generators\generator.cpp">
      <Filter>src\generators</Filter>
    </ClCompile>
    <ClCompile Include="src\gui\ImGui_Widget_Bezier.cpp">
      <Filter>src\gui</Filter>
    </ClCompile>
    <ClCompile Include="src\gui\ImGui_Widget_Tooltip.cpp">
      <Filter>src\gui</Filter>
    </ClCompile>
    <ClCompile Include="src\gui\ofGui.cpp">
      <Filter>src\gui</Filter>
    </ClCompile>
    <ClCompile Include="src\imageFilters\imageFilter.cpp">
      <Filter>src\imageFilters</Filter>
    </ClCompile>
    <ClCompile Include="src\imageFilters\imageFilter_Blur.cpp">
      <Filter>src\imageFilters</Filter>
    </ClCompile>
    <ClCompile Include="src\imageFilters\imageFilter_DrawPixel.cpp">
      <Filter>src\imageFilters</Filter>
    </ClCompile>
    <ClCompile Include="src\imageFilters\imageFilter_Duplicate.cpp">
      <Filter>src\imageFilters</Filter>
    </ClCompile>
    <ClCompile Include="src\imageFilters\imageFilter_Mirror.cpp">
      <Filter>src\imageFilters</Filter>
    </ClCompile>
    <ClCompile Include="src\imageFilters\imageFilter_Rotate.cpp">
      <Filter>src\imageFilters</Filter>
    </ClCompile>
    <ClCompile Include="src\imageFilters\imageFilter_Tint.cpp">
      <Filter>src\imageFilters</Filter>
    </ClCompile>
    <ClCompile Include="src\main.cpp">
      <Filter>src</Filter>
    </ClCompile>
    <ClCompile Include="src\ofApp.cpp">
      <Filter>src</Filter>
    </ClCompile>
    <ClCompile Include="..\..\addons\ofx2d\src\ofx2d.cpp">
      <Filter>addons\ofx2d\src</Filter>
    </ClCompile>
    <ClCompile Include="..\..\addons\ofxOpenCv\src\ofxCvColorImage.cpp">
      <Filter>addons\ofxOpenCv\src</Filter>
    </ClCompile>
    <ClCompile Include="..\..\addons\ofxOpenCv\src\ofxCvContourFinder.cpp">
      <Filter>addons\ofxOpenCv\src</Filter>
    </ClCompile>
    <ClCompile Include="..\..\addons\ofxOpenCv\src\ofxCvFloatImage.cpp">
      <Filter>addons\ofxOpenCv\src</Filter>
    </ClCompile>
    <ClCompile Include="..\..\addons\ofxOpenCv\src\ofxCvGrayscaleImage.cpp">
      <Filter>addons\ofxOpenCv\src</Filter>
    </ClCompile>
    <ClCompile Include="..\..\addons\ofxOpenCv\src\ofxCvHaarFinder.cpp">
      <Filter>addons\ofxOpenCv\src</Filter>
    </ClCompile>
    <ClCompile Include="..\..\addons\ofxOpenCv\src\ofxCvImage.cpp">
      <Filter>addons\ofxOpenCv\src</Filter>
    </ClCompile>
    <ClCompile Include="..\..\addons\ofxOpenCv\src\ofxCvShortImage.cpp">
      <Filter>addons\ofxOpenCv\src</Filter>
    </ClCompile>
    <ClCompile Include="..\..\addons\ofxCv\libs\CLD\src\ETF.cpp">
      <Filter>addons\ofxCv\libs\CLD\src</Filter>
    </ClCompile>
    <ClCompile Include="..\..\addons\ofxCv\libs\CLD\src\fdog.cpp">
      <Filter>addons\ofxCv\libs\CLD\src</Filter>
    </ClCompile>
    <ClCompile Include="..\..\addons\ofxCv\libs\ofxCv\src\Calibration.cpp">
      <Filter>addons\ofxCv\libs\ofxCv\src</Filter>
    </ClCompile>
    <ClCompile Include="..\..\addons\ofxCv\libs\ofxCv\src\ContourFinder.cpp">
      <Filter>addons\ofxCv\libs\ofxCv\src</Filter>
    </ClCompile>
    <ClCompile Include="..\..\addons\ofxCv\libs\ofxCv\src\Distance.cpp">
      <Filter>addons\ofxCv\libs\ofxCv\src</Filter>
    </ClCompile>
    <ClCompile Include="..\..\addons\ofxCv\libs\ofxCv\src\Flow.cpp">
      <Filter>addons\ofxCv\libs\ofxCv\src</Filter>
    </ClCompile>
    <ClCompile Include="..\..\addons\ofxCv\libs\ofxCv\src\Helpers.cpp">
      <Filter>addons\ofxCv\libs\ofxCv\src</Filter>
    </ClCompile>
    <ClCompile Include="..\..\addons\ofxCv\libs\ofxCv\src\Kalman.cpp">
      <Filter>addons\ofxCv\libs\ofxCv\src</Filter>
    </ClCompile>
    <ClCompile Include="..\..\addons\ofxCv\libs\ofxCv\src\ObjectFinder.cpp">
      <Filter>addons\ofxCv\libs\ofxCv\src</Filter>
    </ClCompile>
    <ClCompile Include="..\..\addons\ofxCv\libs\ofxCv\src\RunningBackground.cpp">
      <Filter>addons\ofxCv\libs\ofxCv\src</Filter>
    </ClCompile>
    <ClCompile Include="..\..\addons\ofxCv\libs\ofxCv\src\Tracker.cpp">
      <Filter>addons\ofxCv\libs\ofxCv\src</Filter>
    </ClCompile>
    <ClCompile Include="..\..\addons\ofxCv\libs\ofxCv\src\Utilities.cpp">
      <Filter>addons\ofxCv\libs\ofxCv\src</Filter>
    </ClCompile>
    <ClCompile Include="..\..\addons\ofxCv\libs\ofxCv\src\Wrappers.cpp">
      <Filter>addons\ofxCv\libs\ofxCv\src</Filter>
    </ClCompile>
    <ClCompile Include="..\..\addons\ofxImGui\src\BaseEngine.cpp">
      <Filter>addons\ofxImGui\src</Filter>
    </ClCompile>
    <ClCompile Include="..\..\addons\ofxImGui\src\DefaultTheme.cpp">
      <Filter>addons\ofxImGui\src</Filter>
    </ClCompile>
    <ClCompile Include="..\..\addons\ofxImGui\src\EngineGLFW.cpp">
      <Filter>addons\ofxImGui\src</Filter>
    </ClCompile>
    <ClCompile Include="..\..\addons\ofxImGui\src\EngineOpenGLES.cpp">
      <Filter>addons\ofxImGui\src</Filter>
    </ClCompile>
    <ClCompile Include="..\..\addons\ofxImGui\src\EngineVk.cpp">
      <Filter>addons\ofxImGui\src</Filter>
    </ClCompile>
    <ClCompile Include="..\..\addons\ofxImGui\src\Gui.cpp">
      <Filter>addons\ofxImGui\src</Filter>
    </ClCompile>
    <ClCompile Include="..\..\addons\ofxImGui\src\ImHelpers.cpp">
      <Filter>addons\ofxImGui\src</Filter>
    </ClCompile>
    <ClCompile Include="..\..\addons\ofxImGui\src\ofxImGuiLoggerChannel.cpp">
      <Filter>addons\ofxImGui\src</Filter>
    </ClCompile>
    <ClCompile Include="..\..\addons\ofxImGui\libs\imgui\src\imgui.cpp">
      <Filter>addons\ofxImGui\libs\imgui\src</Filter>
    </ClCompile>
    <ClCompile Include="..\..\addons\ofxImGui\libs\imgui\src\imgui_demo.cpp">
      <Filter>addons\ofxImGui\libs\imgui\src</Filter>
    </ClCompile>
    <ClCompile Include="..\..\addons\ofxImGui\libs\imgui\src\imgui_draw.cpp">
      <Filter>addons\ofxImGui\libs\imgui\src</Filter>
    </ClCompile>
    <ClCompile Include="..\..\addons\ofxImGui\libs\imgui\src\imgui_widgets.cpp">
      <Filter>addons\ofxImGui\libs\imgui\src</Filter>
    </ClCompile>
    <ClCompile Include="..\..\addons\ofxOrnament\src\Ornament.cpp">
      <Filter>addons\ofxOrnament\src</Filter>
    </ClCompile>
    <ClCompile Include="..\..\addons\ofxOrnament\src\Tile.cpp">
      <Filter>addons\ofxOrnament\src</Filter>
    </ClCompile>
    <ClCompile Include="..\..\addons\ofxOrnament\src\TileFactory.cpp">
      <Filter>addons\ofxOrnament\src</Filter>
    </ClCompile>
    <ClCompile Include="..\..\addons\ofxOrnament\src\types\Tile_CM.cpp">
      <Filter>addons\ofxOrnament\src\types</Filter>
    </ClCompile>
    <ClCompile Include="..\..\addons\ofxOrnament\src\types\Tile_CMM.cpp">
      <Filter>addons\ofxOrnament\src\types</Filter>
    </ClCompile>
    <ClCompile Include="..\..\addons\ofxOrnament\src\types\Tile_P1.cpp">
      <Filter>addons\ofxOrnament\src\types</Filter>
    </ClCompile>
    <ClCompile Include="..\..\addons\ofxOrnament\src\types\Tile_P2.cpp">
      <Filter>addons\ofxOrnament\src\types</Filter>
    </ClCompile>
    <ClCompile Include="..\..\addons\ofxOrnament\src\types\Tile_P3.cpp">
      <Filter>addons\ofxOrnament\src\types</Filter>
    </ClCompile>
    <ClCompile Include="..\..\addons\ofxOrnament\src\types\Tile_P31M.cpp">
      <Filter>addons\ofxOrnament\src\types</Filter>
    </ClCompile>
    <ClCompile Include="..\..\addons\ofxOrnament\src\types\Tile_P3M1.cpp">
      <Filter>addons\ofxOrnament\src\types</Filter>
    </ClCompile>
    <ClCompile Include="..\..\addons\ofxOrnament\src\types\Tile_P4.cpp">
      <Filter>addons\ofxOrnament\src\types</Filter>
    </ClCompile>
    <ClCompile Include="..\..\addons\ofxOrnament\src\types\Tile_P4G.cpp">
      <Filter>addons\ofxOrnament\src\types</Filter>
    </ClCompile>
    <ClCompile Include="..\..\addons\ofxOrnament\src\types\Tile_P4M.cpp">
      <Filter>addons\ofxOrnament\src\types</Filter>
    </ClCompile>
    <ClCompile Include="..\..\addons\ofxOrnament\src\types\Tile_P6.cpp">
      <Filter>addons\ofxOrnament\src\types</Filter>
    </ClCompile>
    <ClCompile Include="..\..\addons\ofxOrnament\src\types\Tile_P6M.cpp">
      <Filter>addons\ofxOrnament\src\types</Filter>
    </ClCompile>
    <ClCompile Include="..\..\addons\ofxOrnament\src\types\Tile_PG.cpp">
      <Filter>addons\ofxOrnament\src\types</Filter>
    </ClCompile>
    <ClCompile Include="..\..\addons\ofxOrnament\src\types\Tile_PGG.cpp">
      <Filter>addons\ofxOrnament\src\types</Filter>
    </ClCompile>
    <ClCompile Include="..\..\addons\ofxOrnament\src\types\Tile_PM.cpp">
      <Filter>addons\ofxOrnament\src\types</Filter>
    </ClCompile>
    <ClCompile Include="..\..\addons\ofxOrnament\src\types\Tile_PMG.cpp">
      <Filter>addons\ofxOrnament\src\types</Filter>
    </ClCompile>
    <ClCompile Include="..\..\addons\ofxOrnament\src\types\Tile_PMM.cpp">
      <Filter>addons\ofxOrnament\src\types</Filter>
    </ClCompile>
    <ClCompile Include="..\..\addons\ofxImGui\libs\imgui\extras\imgui_stdlib.cpp">
      <Filter>addons\ofxImGui\libs\imgui\src</Filter>
    </ClCompile>
    <ClCompile Include="..\..\addons\ofxImGui\libs\imgui\backends\imgui_impl_opengl3.cpp">
      <Filter>addons\ofxImGui\src</Filter>
    </ClCompile>
    <ClCompile Include="..\..\addons\ofxImGui\libs\imgui\backends\imgui_impl_opengl2.cpp">
      <Filter>addons\ofxImGui\src</Filter>
    </ClCompile>
    <ClCompile Include="..\..\addons\ofxImGui\libs\imgui\backends\imgui_impl_glfw.cpp">
      <Filter>addons\ofxImGui</Filter>
    </ClCompile>
    <ClCompile Include="..\..\addons\ofxImGui\libs\imgui\backends\imgui_impl_glfw_context_support.cpp">
      <Filter>addons\ofxImGui</Filter>
    </ClCompile>
    <ClCompile Include="..\..\addons\ofxImGui\libs\imgui\src\imgui_tables.cpp">
      <Filter>addons\ofxImGui\libs\imgui\src</Filter>
    </ClCompile>
    <ClCompile Include="src\imageFilters\imageFilter_Ornament.cpp">
      <Filter>src\imageFilters</Filter>
    </ClCompile>
    <ClCompile Include="src\generators\generator_Gradient.cpp">
      <Filter>src\generators</Filter>
    </ClCompile>
    <ClCompile Include="src\generators\generator_Stripes.cpp">
      <Filter>src\generators</Filter>
    </ClCompile>
    <ClCompile Include="src\gui\ImGradientHDR.cpp">
      <Filter>src\gui</Filter>
    </ClCompile>
    <ClCompile Include="src\imageFilters\imageFilter_Invert.cpp">
      <Filter>src\imageFilters</Filter>
    </ClCompile>
    <ClCompile Include="src\imageFilters\imageFilter_Dither.cpp">
      <Filter>src\imageFilters</Filter>
    </ClCompile>
    <ClCompile Include="src\generators\generator_Dots.cpp">
      <Filter>src\generators</Filter>
    </ClCompile>
  </ItemGroup>
  <ItemGroup>
    <Filter Include="src">
      <UniqueIdentifier>{d8376475-7454-4a24-b08a-aac121d3ad6f}</UniqueIdentifier>
    </Filter>
    <Filter Include="src\controllers">
      <UniqueIdentifier>{5ADD555D--875-7-46-40-B-112-C4D2A780A357}</UniqueIdentifier>
    </Filter>
    <Filter Include="src\drawFilters">
      <UniqueIdentifier>{8F855104--700-6-40-6F-B-6D2-CDFFBFA8F8D2}</UniqueIdentifier>
    </Filter>
    <Filter Include="src\drawPixels">
      <UniqueIdentifier>{6520923D--1F5-1-4B-12-B-28D-7C4FDECC67C8}</UniqueIdentifier>
    </Filter>
    <Filter Include="src\generators">
      <UniqueIdentifier>{E096585A--95F-4-4D-55-8-1D6-F260709AFF78}</UniqueIdentifier>
    </Filter>
    <Filter Include="src\gui">
      <UniqueIdentifier>{EF866DB9--EE4-1-47-D9-B-DAD-64132D1038AA}</UniqueIdentifier>
    </Filter>
    <Filter Include="src\imageFilters">
      <UniqueIdentifier>{77A3CEFB--BD2-2-4F-63-B-633-1C0A4161CED5}</UniqueIdentifier>
    </Filter>
    <Filter Include="addons">
      <UniqueIdentifier>{E8E9DABD--F74-1-4C-6E-9-3A2-D1975E945655}</UniqueIdentifier>
    </Filter>
    <Filter Include="addons\ofx2d">
      <UniqueIdentifier>{F9D4F29A--84D-4-4A-1B-A-924-CE8E8264262B}</UniqueIdentifier>
    </Filter>
    <Filter Include="addons\ofx2d\src">
      <UniqueIdentifier>{0E5C4A59--EFD-8-46-5D-8-311-86405B8C94AC}</UniqueIdentifier>
    </Filter>
    <Filter Include="addons\ofxOpenCv">
      <UniqueIdentifier>{E1935954--822-C-44-BC-B-302-F76A9B6E72F4}</UniqueIdentifier>
    </Filter>
    <Filter Include="addons\ofxOpenCv\src">
      <UniqueIdentifier>{A798FB1C--657-E-4B-0D-A-2F8-E05C7346B3C9}</UniqueIdentifier>
    </Filter>
    <Filter Include="addons\ofxOpenCv\libs">
      <UniqueIdentifier>{153BF25E--747-0-4A-B8-A-E97-48087F18E031}</UniqueIdentifier>
    </Filter>
    <Filter Include="addons\ofxOpenCv\libs\opencv">
      <UniqueIdentifier>{7CF33F62--B8F-E-4D-B6-9-37A-2751F1DDEE6E}</UniqueIdentifier>
    </Filter>
    <Filter Include="addons\ofxOpenCv\libs\opencv\include">
      <UniqueIdentifier>{AF53499E--DD1-6-4C-99-9-C8C-788B58749653}</UniqueIdentifier>
    </Filter>
    <Filter Include="addons\ofxOpenCv\libs\opencv\include\opencv2">
      <UniqueIdentifier>{10481E9A--DB6-1-4C-66-A-A80-2E0F81EC824D}</UniqueIdentifier>
    </Filter>
    <Filter Include="addons\ofxOpenCv\libs\opencv\include\opencv2\calib3d">
      <UniqueIdentifier>{982BD250--9DD-6-4F-C0-B-8AB-21E9A445618B}</UniqueIdentifier>
    </Filter>
    <Filter Include="addons\ofxOpenCv\libs\opencv\include\opencv2\core">
      <UniqueIdentifier>{C5CCED29--4A0-1-4C-12-9-358-EB6572B47FF5}</UniqueIdentifier>
    </Filter>
    <Filter Include="addons\ofxOpenCv\libs\opencv\include\opencv2\core\cuda">
      <UniqueIdentifier>{A3B5B003--6F4-7-41-1F-8-7D4-EEA34F92122A}</UniqueIdentifier>
    </Filter>
    <Filter Include="addons\ofxOpenCv\libs\opencv\include\opencv2\core\cuda\detail">
      <UniqueIdentifier>{88C9A629--E4E-3-4F-54-9-522-DB71F2579D6B}</UniqueIdentifier>
    </Filter>
    <Filter Include="addons\ofxOpenCv\libs\opencv\include\opencv2\core\detail">
      <UniqueIdentifier>{3A4DE874--525-1-4B-B4-A-1DC-3A1925C99C15}</UniqueIdentifier>
    </Filter>
    <Filter Include="addons\ofxOpenCv\libs\opencv\include\opencv2\core\hal">
      <UniqueIdentifier>{AFD3E40F--1B2-5-47-78-A-ADC-0A8C2EB04DE6}</UniqueIdentifier>
    </Filter>
    <Filter Include="addons\ofxOpenCv\libs\opencv\include\opencv2\core\opencl">
      <UniqueIdentifier>{C492E5B2--3C9-C-47-87-B-A78-4A7C7951394F}</UniqueIdentifier>
    </Filter>
    <Filter Include="addons\ofxOpenCv\libs\opencv\include\opencv2\core\opencl\runtime">
      <UniqueIdentifier>{634BE4DD--B57-3-4E-F0-8-283-42244CFBD014}</UniqueIdentifier>
    </Filter>
    <Filter Include="addons\ofxOpenCv\libs\opencv\include\opencv2\core\opencl\runtime\autogenerated">
      <UniqueIdentifier>{F0A055EB--85B-D-42-58-8-3ED-F533C818A6F7}</UniqueIdentifier>
    </Filter>
    <Filter Include="addons\ofxOpenCv\libs\opencv\include\opencv2\core\parallel">
      <UniqueIdentifier>{6F352FB4--DC8-E-4F-AC-9-91A-6CD87AD57280}</UniqueIdentifier>
    </Filter>
    <Filter Include="addons\ofxOpenCv\libs\opencv\include\opencv2\core\parallel\backend">
      <UniqueIdentifier>{93BB13B4--87F-D-43-41-B-FE3-112AE0C2059C}</UniqueIdentifier>
    </Filter>
    <Filter Include="addons\ofxOpenCv\libs\opencv\include\opencv2\core\utils">
      <UniqueIdentifier>{981E89BD--901-9-43-E1-A-10D-4058473731B6}</UniqueIdentifier>
    </Filter>
    <Filter Include="addons\ofxOpenCv\libs\opencv\include\opencv2\dnn">
      <UniqueIdentifier>{787E7688--FDB-F-47-CE-A-559-565E660B82F2}</UniqueIdentifier>
    </Filter>
    <Filter Include="addons\ofxOpenCv\libs\opencv\include\opencv2\dnn\utils">
      <UniqueIdentifier>{CEAD24AB--C55-5-43-C4-8-531-5D019C09789B}</UniqueIdentifier>
    </Filter>
    <Filter Include="addons\ofxOpenCv\libs\opencv\include\opencv2\features2d">
      <UniqueIdentifier>{8981C604--0F2-8-41-10-A-F56-ECC361828F4C}</UniqueIdentifier>
    </Filter>
    <Filter Include="addons\ofxOpenCv\libs\opencv\include\opencv2\features2d\hal">
      <UniqueIdentifier>{B2CA8FEC--E3A-6-45-1B-B-1F6-4E3596D65429}</UniqueIdentifier>
    </Filter>
    <Filter Include="addons\ofxOpenCv\libs\opencv\include\opencv2\flann">
      <UniqueIdentifier>{95141944--2D3-E-45-E3-A-722-89EC9BE301EE}</UniqueIdentifier>
    </Filter>
    <Filter Include="addons\ofxOpenCv\libs\opencv\include\opencv2\imgcodecs">
      <UniqueIdentifier>{D68EFF2A--91A-E-4A-B4-B-541-2D8B0A4F8112}</UniqueIdentifier>
    </Filter>
    <Filter Include="addons\ofxOpenCv\libs\opencv\include\opencv2\imgcodecs\legacy">
      <UniqueIdentifier>{DC4FADE1--758-9-46-A1-9-DFD-E4067BED8648}</UniqueIdentifier>
    </Filter>
    <Filter Include="addons\ofxOpenCv\libs\opencv\include\opencv2\imgproc">
      <UniqueIdentifier>{F60FE3EC--5B2-A-4E-2C-9-481-6A11EE27808B}</UniqueIdentifier>
    </Filter>
    <Filter Include="addons\ofxOpenCv\libs\opencv\include\opencv2\imgproc\detail">
      <UniqueIdentifier>{A2A63326--532-8-44-62-9-65D-06293C353AA8}</UniqueIdentifier>
    </Filter>
    <Filter Include="addons\ofxOpenCv\libs\opencv\include\opencv2\imgproc\hal">
      <UniqueIdentifier>{CC652656--CF1-6-45-66-8-669-6003A03ABCD8}</UniqueIdentifier>
    </Filter>
    <Filter Include="addons\ofxOpenCv\libs\opencv\include\opencv2\ml">
      <UniqueIdentifier>{DC926144--5CE-D-4A-DB-B-384-116FCA78C906}</UniqueIdentifier>
    </Filter>
    <Filter Include="addons\ofxOpenCv\libs\opencv\include\opencv2\objdetect">
      <UniqueIdentifier>{F8201007--176-5-4A-35-9-F9A-7C7BA7BFF462}</UniqueIdentifier>
    </Filter>
    <Filter Include="addons\ofxOpenCv\libs\opencv\include\opencv2\photo">
      <UniqueIdentifier>{A33B030D--CC8-5-44-CE-B-C37-7B9E802535AD}</UniqueIdentifier>
    </Filter>
    <Filter Include="addons\ofxOpenCv\libs\opencv\include\opencv2\photo\legacy">
      <UniqueIdentifier>{52440878--24C-4-46-AD-A-3FA-293A57A207FE}</UniqueIdentifier>
    </Filter>
    <Filter Include="addons\ofxOpenCv\libs\opencv\include\opencv2\stitching">
      <UniqueIdentifier>{74D3F470--388-F-4D-05-8-1BD-7F7728A164BA}</UniqueIdentifier>
    </Filter>
    <Filter Include="addons\ofxOpenCv\libs\opencv\include\opencv2\stitching\detail">
      <UniqueIdentifier>{AF77C22E--81F-0-44-3A-A-B75-CEB09AB0EFCE}</UniqueIdentifier>
    </Filter>
    <Filter Include="addons\ofxOpenCv\libs\opencv\include\opencv2\video">
      <UniqueIdentifier>{70CDF374--D02-5-41-B9-8-88F-09FE0B4B5F31}</UniqueIdentifier>
    </Filter>
    <Filter Include="addons\ofxOpenCv\libs\opencv\include\opencv2\video\detail">
      <UniqueIdentifier>{FAD661AC--09F-9-4C-B9-A-2B9-CC017F10CF7D}</UniqueIdentifier>
    </Filter>
    <Filter Include="addons\ofxOpenCv\libs\opencv\include\opencv2\video\legacy">
      <UniqueIdentifier>{8CE8CE48--170-8-4D-0C-A-8E2-977080AF0E39}</UniqueIdentifier>
    </Filter>
    <Filter Include="addons\ofxCv">
      <UniqueIdentifier>{D9F9994F--F78-B-44-1D-A-342-9B4CEE626A14}</UniqueIdentifier>
    </Filter>
    <Filter Include="addons\ofxCv\src">
      <UniqueIdentifier>{F6FB0077--407-2-45-81-B-15A-1D64DB0506D7}</UniqueIdentifier>
    </Filter>
    <Filter Include="addons\ofxCv\libs">
      <UniqueIdentifier>{489960AE--F97-A-40-26-B-D23-A33BB873DF79}</UniqueIdentifier>
    </Filter>
    <Filter Include="addons\ofxCv\libs\CLD">
      <UniqueIdentifier>{96514295--B87-A-49-32-B-367-D5442B49C32A}</UniqueIdentifier>
    </Filter>
    <Filter Include="addons\ofxCv\libs\CLD\include">
      <UniqueIdentifier>{4D5AC99E--21C-0-48-2F-B-E43-37CF1BE86C62}</UniqueIdentifier>
    </Filter>
    <Filter Include="addons\ofxCv\libs\CLD\include\CLD">
      <UniqueIdentifier>{A906B15F--FED-6-4D-DC-B-FAA-0C044C3BE3A7}</UniqueIdentifier>
    </Filter>
    <Filter Include="addons\ofxCv\libs\CLD\src">
      <UniqueIdentifier>{4F7149B6--7B3-5-43-6C-9-D6D-72215446EE8C}</UniqueIdentifier>
    </Filter>
    <Filter Include="addons\ofxCv\libs\ofxCv">
      <UniqueIdentifier>{DA09E56B--FE3-C-40-12-9-FB1-D0843A0A609A}</UniqueIdentifier>
    </Filter>
    <Filter Include="addons\ofxCv\libs\ofxCv\include">
      <UniqueIdentifier>{C3E2F388--D30-5-40-25-A-A0C-6763700616EE}</UniqueIdentifier>
    </Filter>
    <Filter Include="addons\ofxCv\libs\ofxCv\include\ofxCv">
      <UniqueIdentifier>{C08B52AD--020-5-47-16-A-319-4D05F8C99577}</UniqueIdentifier>
    </Filter>
    <Filter Include="addons\ofxCv\libs\ofxCv\src">
      <UniqueIdentifier>{40CA16C2--8B0-2-4E-D7-9-434-E3F97082D38E}</UniqueIdentifier>
    </Filter>
    <Filter Include="addons\ofxImGui">
      <UniqueIdentifier>{557E08E6--834-F-48-28-A-7B5-0AF923E9FCD3}</UniqueIdentifier>
    </Filter>
    <Filter Include="addons\ofxImGui\src">
      <UniqueIdentifier>{9D81C9C4--6D9-1-4A-0D-B-6C9-2E81B3D7EF36}</UniqueIdentifier>
    </Filter>
    <Filter Include="addons\ofxImGui\libs">
      <UniqueIdentifier>{315ECDE9--240-A-40-CA-A-C87-427CDC6A873E}</UniqueIdentifier>
    </Filter>
    <Filter Include="addons\ofxImGui\libs\imgui">
      <UniqueIdentifier>{B7A379D1--041-3-4D-81-9-4E9-ACBF14A2B25C}</UniqueIdentifier>
    </Filter>
    <Filter Include="addons\ofxImGui\libs\imgui\src">
      <UniqueIdentifier>{71E3A0E3--8AB-F-42-AF-8-C8A-FFEAD0E12B45}</UniqueIdentifier>
    </Filter>
    <Filter Include="addons\ofxOrnament">
      <UniqueIdentifier>{21973031--4FE-7-4A-10-B-CA6-F0F28C2099A3}</UniqueIdentifier>
    </Filter>
    <Filter Include="addons\ofxOrnament\src">
      <UniqueIdentifier>{58A70689--DE2-6-4D-E8-B-77A-E505747EE1BA}</UniqueIdentifier>
    </Filter>
    <Filter Include="addons\ofxOrnament\src\types">
      <UniqueIdentifier>{F7D04D99--7CD-A-4A-65-9-22D-9E12C87BB2D2}</UniqueIdentifier>
    </Filter>
  </ItemGroup>
  <ItemGroup>
    <ClInclude Include="src\ofApp.h">
      <Filter>src</Filter>
    </ClInclude>
    <ClInclude Include="src\canvas.h">
      <Filter>src</Filter>
    </ClInclude>
    <ClInclude Include="src\controllers\controller.h">
      <Filter>src\controllers</Filter>
    </ClInclude>
    <ClInclude Include="src\controllers\drawFilter_Controller.h">
      <Filter>src\controllers</Filter>
    </ClInclude>
    <ClInclude Include="src\controllers\drawPixel_Controller.h">
      <Filter>src\controllers</Filter>
    </ClInclude>
    <ClInclude Include="src\controllers\generator_Controller.h">
      <Filter>src\controllers</Filter>
    </ClInclude>
    <ClInclude Include="src\controllers\imageFilter_Controller.h">
      <Filter>src\controllers</Filter>
    </ClInclude>
    <ClInclude Include="src\controllers\soundDevice_Controller.h">
      <Filter>src\controllers</Filter>
    </ClInclude>
    <ClInclude Include="src\controllers\source_Controller.h">
      <Filter>src\controllers</Filter>
    </ClInclude>
    <ClInclude Include="src\drawFilters\drawFilter.h">
      <Filter>src\drawFilters</Filter>
    </ClInclude>
    <ClInclude Include="src\drawFilters\drawFilter_Lumes.h">
      <Filter>src\drawFilters</Filter>
    </ClInclude>
    <ClInclude Include="src\drawFilters\drawFilter_Mesh.h">
      <Filter>src\drawFilters</Filter>
    </ClInclude>
    <ClInclude Include="src\drawFilters\drawFilter_Noise.h">
      <Filter>src\drawFilters</Filter>
    </ClInclude>
    <ClInclude Include="src\drawFilters\drawFilter_Pixelate.h">
      <Filter>src\drawFilters</Filter>
    </ClInclude>
    <ClInclude Include="src\drawFilters\drawFilter_Pixelate2.h">
      <Filter>src\drawFilters</Filter>
    </ClInclude>
    <ClInclude Include="src\drawFilters\drawFilter_Rings.h">
      <Filter>src\drawFilters</Filter>
    </ClInclude>
    <ClInclude Include="src\drawPixels\drawPixel.h">
      <Filter>src\drawPixels</Filter>
    </ClInclude>
    <ClInclude Include="src\drawPixels\drawPixel_Normal.h">
      <Filter>src\drawPixels</Filter>
    </ClInclude>
    <ClInclude Include="src\drawPixels\drawPixel_SeparateCMYK_Bars01.h">
      <Filter>src\drawPixels</Filter>
    </ClInclude>
    <ClInclude Include="src\drawPixels\drawPixel_SeparateCMYK_Para01.h">
      <Filter>src\drawPixels</Filter>
    </ClInclude>
    <ClInclude Include="src\drawPixels\drawPixel_SeparateCMYK_Rect01.h">
      <Filter>src\drawPixels</Filter>
    </ClInclude>
    <ClInclude Include="src\drawPixels\drawPixel_SeparateCMYK_Rect02.h">
      <Filter>src\drawPixels</Filter>
    </ClInclude>
    <ClInclude Include="src\drawPixels\drawPixel_SeparateCMYK_Rect03.h">
      <Filter>src\drawPixels</Filter>
    </ClInclude>
    <ClInclude Include="src\drawPixels\drawPixel_SeparateCMYK_Rect04.h">
      <Filter>src\drawPixels</Filter>
    </ClInclude>
    <ClInclude Include="src\drawPixels\drawPixel_SeparateCMY_Bars01.h">
      <Filter>src\drawPixels</Filter>
    </ClInclude>
    <ClInclude Include="src\drawPixels\drawPixel_SeparateRGB_Bars01.h">
      <Filter>src\drawPixels</Filter>
    </ClInclude>
    <ClInclude Include="src\frameBuffer.h">
      <Filter>src</Filter>
    </ClInclude>
    <ClInclude Include="src\generators\generator.h">
      <Filter>src\generators</Filter>
    </ClInclude>
    <ClInclude Include="src\gui\ImGui_General.h">
      <Filter>src\gui</Filter>
    </ClInclude>
    <ClInclude Include="src\gui\ImGui_Widget_Bezier.h">
      <Filter>src\gui</Filter>
    </ClInclude>
    <ClInclude Include="src\gui\ImGui_Widget_Curve.h">
      <Filter>src\gui</Filter>
    </ClInclude>
    <ClInclude Include="src\gui\ImGui_Widget_InputTextString.h">
      <Filter>src\gui</Filter>
    </ClInclude>
    <ClInclude Include="src\gui\ImGui_Widget_Tooltip.h">
      <Filter>src\gui</Filter>
    </ClInclude>
    <ClInclude Include="src\gui\ofGui.h">
      <Filter>src\gui</Filter>
    </ClInclude>
    <ClInclude Include="src\imageFilters\imageFilter.h">
      <Filter>src\imageFilters</Filter>
    </ClInclude>
    <ClInclude Include="src\imageFilters\imageFilter_Blur.h">
      <Filter>src\imageFilters</Filter>
    </ClInclude>
    <ClInclude Include="src\imageFilters\imageFilter_DrawPixel.h">
      <Filter>src\imageFilters</Filter>
    </ClInclude>
    <ClInclude Include="src\imageFilters\imageFilter_Duplicate.h">
      <Filter>src\imageFilters</Filter>
    </ClInclude>
    <ClInclude Include="src\imageFilters\imageFilter_Mirror.h">
      <Filter>src\imageFilters</Filter>
    </ClInclude>
    <ClInclude Include="src\imageFilters\imageFilter_Rotate.h">
      <Filter>src\imageFilters</Filter>
    </ClInclude>
    <ClInclude Include="src\imageFilters\imageFilter_Tint.h">
      <Filter>src\imageFilters</Filter>
    </ClInclude>
    <ClInclude Include="src\ofApp.h">
      <Filter>src</Filter>
    </ClInclude>
    <ClInclude Include="..\..\addons\ofx2d\src\ofx2d.h">
      <Filter>addons\ofx2d\src</Filter>
    </ClInclude>
    <ClInclude Include="..\..\addons\ofxOpenCv\src\ofxCvBlob.h">
      <Filter>addons\ofxOpenCv\src</Filter>
    </ClInclude>
    <ClInclude Include="..\..\addons\ofxOpenCv\src\ofxCvColorImage.h">
      <Filter>addons\ofxOpenCv\src</Filter>
    </ClInclude>
    <ClInclude Include="..\..\addons\ofxOpenCv\src\ofxCvConstants.h">
      <Filter>addons\ofxOpenCv\src</Filter>
    </ClInclude>
    <ClInclude Include="..\..\addons\ofxOpenCv\src\ofxCvContourFinder.h">
      <Filter>addons\ofxOpenCv\src</Filter>
    </ClInclude>
    <ClInclude Include="..\..\addons\ofxOpenCv\src\ofxCvFloatImage.h">
      <Filter>addons\ofxOpenCv\src</Filter>
    </ClInclude>
    <ClInclude Include="..\..\addons\ofxOpenCv\src\ofxCvGrayscaleImage.h">
      <Filter>addons\ofxOpenCv\src</Filter>
    </ClInclude>
    <ClInclude Include="..\..\addons\ofxOpenCv\src\ofxCvHaarFinder.h">
      <Filter>addons\ofxOpenCv\src</Filter>
    </ClInclude>
    <ClInclude Include="..\..\addons\ofxOpenCv\src\ofxCvImage.h">
      <Filter>addons\ofxOpenCv\src</Filter>
    </ClInclude>
    <ClInclude Include="..\..\addons\ofxOpenCv\src\ofxCvShortImage.h">
      <Filter>addons\ofxOpenCv\src</Filter>
    </ClInclude>
    <ClInclude Include="..\..\addons\ofxOpenCv\src\ofxOpenCv.h">
      <Filter>addons\ofxOpenCv\src</Filter>
    </ClInclude>
    <ClInclude Include="..\..\addons\ofxOpenCv\libs\opencv\include\opencv2\calib3d\calib3d.hpp">
      <Filter>addons\ofxOpenCv\libs\opencv\include\opencv2\calib3d</Filter>
    </ClInclude>
    <ClInclude Include="..\..\addons\ofxOpenCv\libs\opencv\include\opencv2\calib3d\calib3d_c.h">
      <Filter>addons\ofxOpenCv\libs\opencv\include\opencv2\calib3d</Filter>
    </ClInclude>
    <ClInclude Include="..\..\addons\ofxOpenCv\libs\opencv\include\opencv2\calib3d.hpp">
      <Filter>addons\ofxOpenCv\libs\opencv\include\opencv2</Filter>
    </ClInclude>
    <ClInclude Include="..\..\addons\ofxOpenCv\libs\opencv\include\opencv2\core\affine.hpp">
      <Filter>addons\ofxOpenCv\libs\opencv\include\opencv2\core</Filter>
    </ClInclude>
    <ClInclude Include="..\..\addons\ofxOpenCv\libs\opencv\include\opencv2\core\async.hpp">
      <Filter>addons\ofxOpenCv\libs\opencv\include\opencv2\core</Filter>
    </ClInclude>
    <ClInclude Include="..\..\addons\ofxOpenCv\libs\opencv\include\opencv2\core\base.hpp">
      <Filter>addons\ofxOpenCv\libs\opencv\include\opencv2\core</Filter>
    </ClInclude>
    <ClInclude Include="..\..\addons\ofxOpenCv\libs\opencv\include\opencv2\core\bindings_utils.hpp">
      <Filter>addons\ofxOpenCv\libs\opencv\include\opencv2\core</Filter>
    </ClInclude>
    <ClInclude Include="..\..\addons\ofxOpenCv\libs\opencv\include\opencv2\core\bufferpool.hpp">
      <Filter>addons\ofxOpenCv\libs\opencv\include\opencv2\core</Filter>
    </ClInclude>
    <ClInclude Include="..\..\addons\ofxOpenCv\libs\opencv\include\opencv2\core\check.hpp">
      <Filter>addons\ofxOpenCv\libs\opencv\include\opencv2\core</Filter>
    </ClInclude>
    <ClInclude Include="..\..\addons\ofxOpenCv\libs\opencv\include\opencv2\core\core.hpp">
      <Filter>addons\ofxOpenCv\libs\opencv\include\opencv2\core</Filter>
    </ClInclude>
    <ClInclude Include="..\..\addons\ofxOpenCv\libs\opencv\include\opencv2\core\core_c.h">
      <Filter>addons\ofxOpenCv\libs\opencv\include\opencv2\core</Filter>
    </ClInclude>
    <ClInclude Include="..\..\addons\ofxOpenCv\libs\opencv\include\opencv2\core\cuda\block.hpp">
      <Filter>addons\ofxOpenCv\libs\opencv\include\opencv2\core\cuda</Filter>
    </ClInclude>
    <ClInclude Include="..\..\addons\ofxOpenCv\libs\opencv\include\opencv2\core\cuda\border_interpolate.hpp">
      <Filter>addons\ofxOpenCv\libs\opencv\include\opencv2\core\cuda</Filter>
    </ClInclude>
    <ClInclude Include="..\..\addons\ofxOpenCv\libs\opencv\include\opencv2\core\cuda\color.hpp">
      <Filter>addons\ofxOpenCv\libs\opencv\include\opencv2\core\cuda</Filter>
    </ClInclude>
    <ClInclude Include="..\..\addons\ofxOpenCv\libs\opencv\include\opencv2\core\cuda\common.hpp">
      <Filter>addons\ofxOpenCv\libs\opencv\include\opencv2\core\cuda</Filter>
    </ClInclude>
    <ClInclude Include="..\..\addons\ofxOpenCv\libs\opencv\include\opencv2\core\cuda\datamov_utils.hpp">
      <Filter>addons\ofxOpenCv\libs\opencv\include\opencv2\core\cuda</Filter>
    </ClInclude>
    <ClInclude Include="..\..\addons\ofxOpenCv\libs\opencv\include\opencv2\core\cuda\detail\color_detail.hpp">
      <Filter>addons\ofxOpenCv\libs\opencv\include\opencv2\core\cuda\detail</Filter>
    </ClInclude>
    <ClInclude Include="..\..\addons\ofxOpenCv\libs\opencv\include\opencv2\core\cuda\detail\reduce.hpp">
      <Filter>addons\ofxOpenCv\libs\opencv\include\opencv2\core\cuda\detail</Filter>
    </ClInclude>
    <ClInclude Include="..\..\addons\ofxOpenCv\libs\opencv\include\opencv2\core\cuda\detail\reduce_key_val.hpp">
      <Filter>addons\ofxOpenCv\libs\opencv\include\opencv2\core\cuda\detail</Filter>
    </ClInclude>
    <ClInclude Include="..\..\addons\ofxOpenCv\libs\opencv\include\opencv2\core\cuda\detail\transform_detail.hpp">
      <Filter>addons\ofxOpenCv\libs\opencv\include\opencv2\core\cuda\detail</Filter>
    </ClInclude>
    <ClInclude Include="..\..\addons\ofxOpenCv\libs\opencv\include\opencv2\core\cuda\detail\type_traits_detail.hpp">
      <Filter>addons\ofxOpenCv\libs\opencv\include\opencv2\core\cuda\detail</Filter>
    </ClInclude>
    <ClInclude Include="..\..\addons\ofxOpenCv\libs\opencv\include\opencv2\core\cuda\detail\vec_distance_detail.hpp">
      <Filter>addons\ofxOpenCv\libs\opencv\include\opencv2\core\cuda\detail</Filter>
    </ClInclude>
    <ClInclude Include="..\..\addons\ofxOpenCv\libs\opencv\include\opencv2\core\cuda\dynamic_smem.hpp">
      <Filter>addons\ofxOpenCv\libs\opencv\include\opencv2\core\cuda</Filter>
    </ClInclude>
    <ClInclude Include="..\..\addons\ofxOpenCv\libs\opencv\include\opencv2\core\cuda\emulation.hpp">
      <Filter>addons\ofxOpenCv\libs\opencv\include\opencv2\core\cuda</Filter>
    </ClInclude>
    <ClInclude Include="..\..\addons\ofxOpenCv\libs\opencv\include\opencv2\core\cuda\filters.hpp">
      <Filter>addons\ofxOpenCv\libs\opencv\include\opencv2\core\cuda</Filter>
    </ClInclude>
    <ClInclude Include="..\..\addons\ofxOpenCv\libs\opencv\include\opencv2\core\cuda\funcattrib.hpp">
      <Filter>addons\ofxOpenCv\libs\opencv\include\opencv2\core\cuda</Filter>
    </ClInclude>
    <ClInclude Include="..\..\addons\ofxOpenCv\libs\opencv\include\opencv2\core\cuda\functional.hpp">
      <Filter>addons\ofxOpenCv\libs\opencv\include\opencv2\core\cuda</Filter>
    </ClInclude>
    <ClInclude Include="..\..\addons\ofxOpenCv\libs\opencv\include\opencv2\core\cuda\limits.hpp">
      <Filter>addons\ofxOpenCv\libs\opencv\include\opencv2\core\cuda</Filter>
    </ClInclude>
    <ClInclude Include="..\..\addons\ofxOpenCv\libs\opencv\include\opencv2\core\cuda\reduce.hpp">
      <Filter>addons\ofxOpenCv\libs\opencv\include\opencv2\core\cuda</Filter>
    </ClInclude>
    <ClInclude Include="..\..\addons\ofxOpenCv\libs\opencv\include\opencv2\core\cuda\saturate_cast.hpp">
      <Filter>addons\ofxOpenCv\libs\opencv\include\opencv2\core\cuda</Filter>
    </ClInclude>
    <ClInclude Include="..\..\addons\ofxOpenCv\libs\opencv\include\opencv2\core\cuda\scan.hpp">
      <Filter>addons\ofxOpenCv\libs\opencv\include\opencv2\core\cuda</Filter>
    </ClInclude>
    <ClInclude Include="..\..\addons\ofxOpenCv\libs\opencv\include\opencv2\core\cuda\simd_functions.hpp">
      <Filter>addons\ofxOpenCv\libs\opencv\include\opencv2\core\cuda</Filter>
    </ClInclude>
    <ClInclude Include="..\..\addons\ofxOpenCv\libs\opencv\include\opencv2\core\cuda\transform.hpp">
      <Filter>addons\ofxOpenCv\libs\opencv\include\opencv2\core\cuda</Filter>
    </ClInclude>
    <ClInclude Include="..\..\addons\ofxOpenCv\libs\opencv\include\opencv2\core\cuda\type_traits.hpp">
      <Filter>addons\ofxOpenCv\libs\opencv\include\opencv2\core\cuda</Filter>
    </ClInclude>
    <ClInclude Include="..\..\addons\ofxOpenCv\libs\opencv\include\opencv2\core\cuda\utility.hpp">
      <Filter>addons\ofxOpenCv\libs\opencv\include\opencv2\core\cuda</Filter>
    </ClInclude>
    <ClInclude Include="..\..\addons\ofxOpenCv\libs\opencv\include\opencv2\core\cuda\vec_distance.hpp">
      <Filter>addons\ofxOpenCv\libs\opencv\include\opencv2\core\cuda</Filter>
    </ClInclude>
    <ClInclude Include="..\..\addons\ofxOpenCv\libs\opencv\include\opencv2\core\cuda\vec_math.hpp">
      <Filter>addons\ofxOpenCv\libs\opencv\include\opencv2\core\cuda</Filter>
    </ClInclude>
    <ClInclude Include="..\..\addons\ofxOpenCv\libs\opencv\include\opencv2\core\cuda\vec_traits.hpp">
      <Filter>addons\ofxOpenCv\libs\opencv\include\opencv2\core\cuda</Filter>
    </ClInclude>
    <ClInclude Include="..\..\addons\ofxOpenCv\libs\opencv\include\opencv2\core\cuda\warp.hpp">
      <Filter>addons\ofxOpenCv\libs\opencv\include\opencv2\core\cuda</Filter>
    </ClInclude>
    <ClInclude Include="..\..\addons\ofxOpenCv\libs\opencv\include\opencv2\core\cuda\warp_reduce.hpp">
      <Filter>addons\ofxOpenCv\libs\opencv\include\opencv2\core\cuda</Filter>
    </ClInclude>
    <ClInclude Include="..\..\addons\ofxOpenCv\libs\opencv\include\opencv2\core\cuda\warp_shuffle.hpp">
      <Filter>addons\ofxOpenCv\libs\opencv\include\opencv2\core\cuda</Filter>
    </ClInclude>
    <ClInclude Include="..\..\addons\ofxOpenCv\libs\opencv\include\opencv2\core\cuda.hpp">
      <Filter>addons\ofxOpenCv\libs\opencv\include\opencv2\core</Filter>
    </ClInclude>
    <ClInclude Include="..\..\addons\ofxOpenCv\libs\opencv\include\opencv2\core\cuda.inl.hpp">
      <Filter>addons\ofxOpenCv\libs\opencv\include\opencv2\core</Filter>
    </ClInclude>
    <ClInclude Include="..\..\addons\ofxOpenCv\libs\opencv\include\opencv2\core\cuda_stream_accessor.hpp">
      <Filter>addons\ofxOpenCv\libs\opencv\include\opencv2\core</Filter>
    </ClInclude>
    <ClInclude Include="..\..\addons\ofxOpenCv\libs\opencv\include\opencv2\core\cuda_types.hpp">
      <Filter>addons\ofxOpenCv\libs\opencv\include\opencv2\core</Filter>
    </ClInclude>
    <ClInclude Include="..\..\addons\ofxOpenCv\libs\opencv\include\opencv2\core\cvdef.h">
      <Filter>addons\ofxOpenCv\libs\opencv\include\opencv2\core</Filter>
    </ClInclude>
    <ClInclude Include="..\..\addons\ofxOpenCv\libs\opencv\include\opencv2\core\cvstd.hpp">
      <Filter>addons\ofxOpenCv\libs\opencv\include\opencv2\core</Filter>
    </ClInclude>
    <ClInclude Include="..\..\addons\ofxOpenCv\libs\opencv\include\opencv2\core\cvstd.inl.hpp">
      <Filter>addons\ofxOpenCv\libs\opencv\include\opencv2\core</Filter>
    </ClInclude>
    <ClInclude Include="..\..\addons\ofxOpenCv\libs\opencv\include\opencv2\core\cvstd_wrapper.hpp">
      <Filter>addons\ofxOpenCv\libs\opencv\include\opencv2\core</Filter>
    </ClInclude>
    <ClInclude Include="..\..\addons\ofxOpenCv\libs\opencv\include\opencv2\core\cv_cpu_dispatch.h">
      <Filter>addons\ofxOpenCv\libs\opencv\include\opencv2\core</Filter>
    </ClInclude>
    <ClInclude Include="..\..\addons\ofxOpenCv\libs\opencv\include\opencv2\core\cv_cpu_helper.h">
      <Filter>addons\ofxOpenCv\libs\opencv\include\opencv2\core</Filter>
    </ClInclude>
    <ClInclude Include="..\..\addons\ofxOpenCv\libs\opencv\include\opencv2\core\detail\async_promise.hpp">
      <Filter>addons\ofxOpenCv\libs\opencv\include\opencv2\core\detail</Filter>
    </ClInclude>
    <ClInclude Include="..\..\addons\ofxOpenCv\libs\opencv\include\opencv2\core\detail\dispatch_helper.impl.hpp">
      <Filter>addons\ofxOpenCv\libs\opencv\include\opencv2\core\detail</Filter>
    </ClInclude>
    <ClInclude Include="..\..\addons\ofxOpenCv\libs\opencv\include\opencv2\core\detail\exception_ptr.hpp">
      <Filter>addons\ofxOpenCv\libs\opencv\include\opencv2\core\detail</Filter>
    </ClInclude>
    <ClInclude Include="..\..\addons\ofxOpenCv\libs\opencv\include\opencv2\core\directx.hpp">
      <Filter>addons\ofxOpenCv\libs\opencv\include\opencv2\core</Filter>
    </ClInclude>
    <ClInclude Include="..\..\addons\ofxOpenCv\libs\opencv\include\opencv2\core\dualquaternion.hpp">
      <Filter>addons\ofxOpenCv\libs\opencv\include\opencv2\core</Filter>
    </ClInclude>
    <ClInclude Include="..\..\addons\ofxOpenCv\libs\opencv\include\opencv2\core\dualquaternion.inl.hpp">
      <Filter>addons\ofxOpenCv\libs\opencv\include\opencv2\core</Filter>
    </ClInclude>
    <ClInclude Include="..\..\addons\ofxOpenCv\libs\opencv\include\opencv2\core\eigen.hpp">
      <Filter>addons\ofxOpenCv\libs\opencv\include\opencv2\core</Filter>
    </ClInclude>
    <ClInclude Include="..\..\addons\ofxOpenCv\libs\opencv\include\opencv2\core\fast_math.hpp">
      <Filter>addons\ofxOpenCv\libs\opencv\include\opencv2\core</Filter>
    </ClInclude>
    <ClInclude Include="..\..\addons\ofxOpenCv\libs\opencv\include\opencv2\core\hal\hal.hpp">
      <Filter>addons\ofxOpenCv\libs\opencv\include\opencv2\core\hal</Filter>
    </ClInclude>
    <ClInclude Include="..\..\addons\ofxOpenCv\libs\opencv\include\opencv2\core\hal\interface.h">
      <Filter>addons\ofxOpenCv\libs\opencv\include\opencv2\core\hal</Filter>
    </ClInclude>
    <ClInclude Include="..\..\addons\ofxOpenCv\libs\opencv\include\opencv2\core\hal\intrin.hpp">
      <Filter>addons\ofxOpenCv\libs\opencv\include\opencv2\core\hal</Filter>
    </ClInclude>
    <ClInclude Include="..\..\addons\ofxOpenCv\libs\opencv\include\opencv2\core\hal\intrin_avx.hpp">
      <Filter>addons\ofxOpenCv\libs\opencv\include\opencv2\core\hal</Filter>
    </ClInclude>
    <ClInclude Include="..\..\addons\ofxOpenCv\libs\opencv\include\opencv2\core\hal\intrin_avx512.hpp">
      <Filter>addons\ofxOpenCv\libs\opencv\include\opencv2\core\hal</Filter>
    </ClInclude>
    <ClInclude Include="..\..\addons\ofxOpenCv\libs\opencv\include\opencv2\core\hal\intrin_cpp.hpp">
      <Filter>addons\ofxOpenCv\libs\opencv\include\opencv2\core\hal</Filter>
    </ClInclude>
    <ClInclude Include="..\..\addons\ofxOpenCv\libs\opencv\include\opencv2\core\hal\intrin_forward.hpp">
      <Filter>addons\ofxOpenCv\libs\opencv\include\opencv2\core\hal</Filter>
    </ClInclude>
    <ClInclude Include="..\..\addons\ofxOpenCv\libs\opencv\include\opencv2\core\hal\intrin_lasx.hpp">
      <Filter>addons\ofxOpenCv\libs\opencv\include\opencv2\core\hal</Filter>
    </ClInclude>
    <ClInclude Include="..\..\addons\ofxOpenCv\libs\opencv\include\opencv2\core\hal\intrin_lsx.hpp">
      <Filter>addons\ofxOpenCv\libs\opencv\include\opencv2\core\hal</Filter>
    </ClInclude>
    <ClInclude Include="..\..\addons\ofxOpenCv\libs\opencv\include\opencv2\core\hal\intrin_msa.hpp">
      <Filter>addons\ofxOpenCv\libs\opencv\include\opencv2\core\hal</Filter>
    </ClInclude>
    <ClInclude Include="..\..\addons\ofxOpenCv\libs\opencv\include\opencv2\core\hal\intrin_neon.hpp">
      <Filter>addons\ofxOpenCv\libs\opencv\include\opencv2\core\hal</Filter>
    </ClInclude>
    <ClInclude Include="..\..\addons\ofxOpenCv\libs\opencv\include\opencv2\core\hal\intrin_rvv.hpp">
      <Filter>addons\ofxOpenCv\libs\opencv\include\opencv2\core\hal</Filter>
    </ClInclude>
    <ClInclude Include="..\..\addons\ofxOpenCv\libs\opencv\include\opencv2\core\hal\intrin_rvv071.hpp">
      <Filter>addons\ofxOpenCv\libs\opencv\include\opencv2\core\hal</Filter>
    </ClInclude>
    <ClInclude Include="..\..\addons\ofxOpenCv\libs\opencv\include\opencv2\core\hal\intrin_rvv_010_compat_non-policy.hpp">
      <Filter>addons\ofxOpenCv\libs\opencv\include\opencv2\core\hal</Filter>
    </ClInclude>
    <ClInclude Include="..\..\addons\ofxOpenCv\libs\opencv\include\opencv2\core\hal\intrin_rvv_010_compat_overloaded-non-policy.hpp">
      <Filter>addons\ofxOpenCv\libs\opencv\include\opencv2\core\hal</Filter>
    </ClInclude>
    <ClInclude Include="..\..\addons\ofxOpenCv\libs\opencv\include\opencv2\core\hal\intrin_rvv_011_compat.hpp">
      <Filter>addons\ofxOpenCv\libs\opencv\include\opencv2\core\hal</Filter>
    </ClInclude>
    <ClInclude Include="..\..\addons\ofxOpenCv\libs\opencv\include\opencv2\core\hal\intrin_rvv_compat_overloaded.hpp">
      <Filter>addons\ofxOpenCv\libs\opencv\include\opencv2\core\hal</Filter>
    </ClInclude>
    <ClInclude Include="..\..\addons\ofxOpenCv\libs\opencv\include\opencv2\core\hal\intrin_rvv_scalable.hpp">
      <Filter>addons\ofxOpenCv\libs\opencv\include\opencv2\core\hal</Filter>
    </ClInclude>
    <ClInclude Include="..\..\addons\ofxOpenCv\libs\opencv\include\opencv2\core\hal\intrin_sse.hpp">
      <Filter>addons\ofxOpenCv\libs\opencv\include\opencv2\core\hal</Filter>
    </ClInclude>
    <ClInclude Include="..\..\addons\ofxOpenCv\libs\opencv\include\opencv2\core\hal\intrin_sse_em.hpp">
      <Filter>addons\ofxOpenCv\libs\opencv\include\opencv2\core\hal</Filter>
    </ClInclude>
    <ClInclude Include="..\..\addons\ofxOpenCv\libs\opencv\include\opencv2\core\hal\intrin_vsx.hpp">
      <Filter>addons\ofxOpenCv\libs\opencv\include\opencv2\core\hal</Filter>
    </ClInclude>
    <ClInclude Include="..\..\addons\ofxOpenCv\libs\opencv\include\opencv2\core\hal\intrin_wasm.hpp">
      <Filter>addons\ofxOpenCv\libs\opencv\include\opencv2\core\hal</Filter>
    </ClInclude>
    <ClInclude Include="..\..\addons\ofxOpenCv\libs\opencv\include\opencv2\core\hal\msa_macros.h">
      <Filter>addons\ofxOpenCv\libs\opencv\include\opencv2\core\hal</Filter>
    </ClInclude>
    <ClInclude Include="..\..\addons\ofxOpenCv\libs\opencv\include\opencv2\core\hal\simd_utils.impl.hpp">
      <Filter>addons\ofxOpenCv\libs\opencv\include\opencv2\core\hal</Filter>
    </ClInclude>
    <ClInclude Include="..\..\addons\ofxOpenCv\libs\opencv\include\opencv2\core\mat.hpp">
      <Filter>addons\ofxOpenCv\libs\opencv\include\opencv2\core</Filter>
    </ClInclude>
    <ClInclude Include="..\..\addons\ofxOpenCv\libs\opencv\include\opencv2\core\mat.inl.hpp">
      <Filter>addons\ofxOpenCv\libs\opencv\include\opencv2\core</Filter>
    </ClInclude>
    <ClInclude Include="..\..\addons\ofxOpenCv\libs\opencv\include\opencv2\core\matx.hpp">
      <Filter>addons\ofxOpenCv\libs\opencv\include\opencv2\core</Filter>
    </ClInclude>
    <ClInclude Include="..\..\addons\ofxOpenCv\libs\opencv\include\opencv2\core\neon_utils.hpp">
      <Filter>addons\ofxOpenCv\libs\opencv\include\opencv2\core</Filter>
    </ClInclude>
    <ClInclude Include="..\..\addons\ofxOpenCv\libs\opencv\include\opencv2\core\ocl.hpp">
      <Filter>addons\ofxOpenCv\libs\opencv\include\opencv2\core</Filter>
    </ClInclude>
    <ClInclude Include="..\..\addons\ofxOpenCv\libs\opencv\include\opencv2\core\ocl_genbase.hpp">
      <Filter>addons\ofxOpenCv\libs\opencv\include\opencv2\core</Filter>
    </ClInclude>
    <ClInclude Include="..\..\addons\ofxOpenCv\libs\opencv\include\opencv2\core\opencl\ocl_defs.hpp">
      <Filter>addons\ofxOpenCv\libs\opencv\include\opencv2\core\opencl</Filter>
    </ClInclude>
    <ClInclude Include="..\..\addons\ofxOpenCv\libs\opencv\include\opencv2\core\opencl\opencl_info.hpp">
      <Filter>addons\ofxOpenCv\libs\opencv\include\opencv2\core\opencl</Filter>
    </ClInclude>
    <ClInclude Include="..\..\addons\ofxOpenCv\libs\opencv\include\opencv2\core\opencl\opencl_svm.hpp">
      <Filter>addons\ofxOpenCv\libs\opencv\include\opencv2\core\opencl</Filter>
    </ClInclude>
    <ClInclude Include="..\..\addons\ofxOpenCv\libs\opencv\include\opencv2\core\opencl\runtime\autogenerated\opencl_clblas.hpp">
      <Filter>addons\ofxOpenCv\libs\opencv\include\opencv2\core\opencl\runtime\autogenerated</Filter>
    </ClInclude>
    <ClInclude Include="..\..\addons\ofxOpenCv\libs\opencv\include\opencv2\core\opencl\runtime\autogenerated\opencl_clfft.hpp">
      <Filter>addons\ofxOpenCv\libs\opencv\include\opencv2\core\opencl\runtime\autogenerated</Filter>
    </ClInclude>
    <ClInclude Include="..\..\addons\ofxOpenCv\libs\opencv\include\opencv2\core\opencl\runtime\autogenerated\opencl_core.hpp">
      <Filter>addons\ofxOpenCv\libs\opencv\include\opencv2\core\opencl\runtime\autogenerated</Filter>
    </ClInclude>
    <ClInclude Include="..\..\addons\ofxOpenCv\libs\opencv\include\opencv2\core\opencl\runtime\autogenerated\opencl_core_wrappers.hpp">
      <Filter>addons\ofxOpenCv\libs\opencv\include\opencv2\core\opencl\runtime\autogenerated</Filter>
    </ClInclude>
    <ClInclude Include="..\..\addons\ofxOpenCv\libs\opencv\include\opencv2\core\opencl\runtime\autogenerated\opencl_gl.hpp">
      <Filter>addons\ofxOpenCv\libs\opencv\include\opencv2\core\opencl\runtime\autogenerated</Filter>
    </ClInclude>
    <ClInclude Include="..\..\addons\ofxOpenCv\libs\opencv\include\opencv2\core\opencl\runtime\autogenerated\opencl_gl_wrappers.hpp">
      <Filter>addons\ofxOpenCv\libs\opencv\include\opencv2\core\opencl\runtime\autogenerated</Filter>
    </ClInclude>
    <ClInclude Include="..\..\addons\ofxOpenCv\libs\opencv\include\opencv2\core\opencl\runtime\opencl_clblas.hpp">
      <Filter>addons\ofxOpenCv\libs\opencv\include\opencv2\core\opencl\runtime</Filter>
    </ClInclude>
    <ClInclude Include="..\..\addons\ofxOpenCv\libs\opencv\include\opencv2\core\opencl\runtime\opencl_clfft.hpp">
      <Filter>addons\ofxOpenCv\libs\opencv\include\opencv2\core\opencl\runtime</Filter>
    </ClInclude>
    <ClInclude Include="..\..\addons\ofxOpenCv\libs\opencv\include\opencv2\core\opencl\runtime\opencl_core.hpp">
      <Filter>addons\ofxOpenCv\libs\opencv\include\opencv2\core\opencl\runtime</Filter>
    </ClInclude>
    <ClInclude Include="..\..\addons\ofxOpenCv\libs\opencv\include\opencv2\core\opencl\runtime\opencl_core_wrappers.hpp">
      <Filter>addons\ofxOpenCv\libs\opencv\include\opencv2\core\opencl\runtime</Filter>
    </ClInclude>
    <ClInclude Include="..\..\addons\ofxOpenCv\libs\opencv\include\opencv2\core\opencl\runtime\opencl_gl.hpp">
      <Filter>addons\ofxOpenCv\libs\opencv\include\opencv2\core\opencl\runtime</Filter>
    </ClInclude>
    <ClInclude Include="..\..\addons\ofxOpenCv\libs\opencv\include\opencv2\core\opencl\runtime\opencl_gl_wrappers.hpp">
      <Filter>addons\ofxOpenCv\libs\opencv\include\opencv2\core\opencl\runtime</Filter>
    </ClInclude>
    <ClInclude Include="..\..\addons\ofxOpenCv\libs\opencv\include\opencv2\core\opencl\runtime\opencl_svm_20.hpp">
      <Filter>addons\ofxOpenCv\libs\opencv\include\opencv2\core\opencl\runtime</Filter>
    </ClInclude>
    <ClInclude Include="..\..\addons\ofxOpenCv\libs\opencv\include\opencv2\core\opencl\runtime\opencl_svm_definitions.hpp">
      <Filter>addons\ofxOpenCv\libs\opencv\include\opencv2\core\opencl\runtime</Filter>
    </ClInclude>
    <ClInclude Include="..\..\addons\ofxOpenCv\libs\opencv\include\opencv2\core\opencl\runtime\opencl_svm_hsa_extension.hpp">
      <Filter>addons\ofxOpenCv\libs\opencv\include\opencv2\core\opencl\runtime</Filter>
    </ClInclude>
    <ClInclude Include="..\..\addons\ofxOpenCv\libs\opencv\include\opencv2\core\opengl.hpp">
      <Filter>addons\ofxOpenCv\libs\opencv\include\opencv2\core</Filter>
    </ClInclude>
    <ClInclude Include="..\..\addons\ofxOpenCv\libs\opencv\include\opencv2\core\operations.hpp">
      <Filter>addons\ofxOpenCv\libs\opencv\include\opencv2\core</Filter>
    </ClInclude>
    <ClInclude Include="..\..\addons\ofxOpenCv\libs\opencv\include\opencv2\core\optim.hpp">
      <Filter>addons\ofxOpenCv\libs\opencv\include\opencv2\core</Filter>
    </ClInclude>
    <ClInclude Include="..\..\addons\ofxOpenCv\libs\opencv\include\opencv2\core\ovx.hpp">
      <Filter>addons\ofxOpenCv\libs\opencv\include\opencv2\core</Filter>
    </ClInclude>
    <ClInclude Include="..\..\addons\ofxOpenCv\libs\opencv\include\opencv2\core\parallel\backend\parallel_for.openmp.hpp">
      <Filter>addons\ofxOpenCv\libs\opencv\include\opencv2\core\parallel\backend</Filter>
    </ClInclude>
    <ClInclude Include="..\..\addons\ofxOpenCv\libs\opencv\include\opencv2\core\parallel\backend\parallel_for.tbb.hpp">
      <Filter>addons\ofxOpenCv\libs\opencv\include\opencv2\core\parallel\backend</Filter>
    </ClInclude>
    <ClInclude Include="..\..\addons\ofxOpenCv\libs\opencv\include\opencv2\core\parallel\parallel_backend.hpp">
      <Filter>addons\ofxOpenCv\libs\opencv\include\opencv2\core\parallel</Filter>
    </ClInclude>
    <ClInclude Include="..\..\addons\ofxOpenCv\libs\opencv\include\opencv2\core\persistence.hpp">
      <Filter>addons\ofxOpenCv\libs\opencv\include\opencv2\core</Filter>
    </ClInclude>
    <ClInclude Include="..\..\addons\ofxOpenCv\libs\opencv\include\opencv2\core\quaternion.hpp">
      <Filter>addons\ofxOpenCv\libs\opencv\include\opencv2\core</Filter>
    </ClInclude>
    <ClInclude Include="..\..\addons\ofxOpenCv\libs\opencv\include\opencv2\core\quaternion.inl.hpp">
      <Filter>addons\ofxOpenCv\libs\opencv\include\opencv2\core</Filter>
    </ClInclude>
    <ClInclude Include="..\..\addons\ofxOpenCv\libs\opencv\include\opencv2\core\saturate.hpp">
      <Filter>addons\ofxOpenCv\libs\opencv\include\opencv2\core</Filter>
    </ClInclude>
    <ClInclude Include="..\..\addons\ofxOpenCv\libs\opencv\include\opencv2\core\simd_intrinsics.hpp">
      <Filter>addons\ofxOpenCv\libs\opencv\include\opencv2\core</Filter>
    </ClInclude>
    <ClInclude Include="..\..\addons\ofxOpenCv\libs\opencv\include\opencv2\core\softfloat.hpp">
      <Filter>addons\ofxOpenCv\libs\opencv\include\opencv2\core</Filter>
    </ClInclude>
    <ClInclude Include="..\..\addons\ofxOpenCv\libs\opencv\include\opencv2\core\sse_utils.hpp">
      <Filter>addons\ofxOpenCv\libs\opencv\include\opencv2\core</Filter>
    </ClInclude>
    <ClInclude Include="..\..\addons\ofxOpenCv\libs\opencv\include\opencv2\core\traits.hpp">
      <Filter>addons\ofxOpenCv\libs\opencv\include\opencv2\core</Filter>
    </ClInclude>
    <ClInclude Include="..\..\addons\ofxOpenCv\libs\opencv\include\opencv2\core\types.hpp">
      <Filter>addons\ofxOpenCv\libs\opencv\include\opencv2\core</Filter>
    </ClInclude>
    <ClInclude Include="..\..\addons\ofxOpenCv\libs\opencv\include\opencv2\core\types_c.h">
      <Filter>addons\ofxOpenCv\libs\opencv\include\opencv2\core</Filter>
    </ClInclude>
    <ClInclude Include="..\..\addons\ofxOpenCv\libs\opencv\include\opencv2\core\utility.hpp">
      <Filter>addons\ofxOpenCv\libs\opencv\include\opencv2\core</Filter>
    </ClInclude>
    <ClInclude Include="..\..\addons\ofxOpenCv\libs\opencv\include\opencv2\core\utils\allocator_stats.hpp">
      <Filter>addons\ofxOpenCv\libs\opencv\include\opencv2\core\utils</Filter>
    </ClInclude>
    <ClInclude Include="..\..\addons\ofxOpenCv\libs\opencv\include\opencv2\core\utils\allocator_stats.impl.hpp">
      <Filter>addons\ofxOpenCv\libs\opencv\include\opencv2\core\utils</Filter>
    </ClInclude>
    <ClInclude Include="..\..\addons\ofxOpenCv\libs\opencv\include\opencv2\core\utils\filesystem.hpp">
      <Filter>addons\ofxOpenCv\libs\opencv\include\opencv2\core\utils</Filter>
    </ClInclude>
    <ClInclude Include="..\..\addons\ofxOpenCv\libs\opencv\include\opencv2\core\utils\fp_control_utils.hpp">
      <Filter>addons\ofxOpenCv\libs\opencv\include\opencv2\core\utils</Filter>
    </ClInclude>
    <ClInclude Include="..\..\addons\ofxOpenCv\libs\opencv\include\opencv2\core\utils\instrumentation.hpp">
      <Filter>addons\ofxOpenCv\libs\opencv\include\opencv2\core\utils</Filter>
    </ClInclude>
    <ClInclude Include="..\..\addons\ofxOpenCv\libs\opencv\include\opencv2\core\utils\logger.defines.hpp">
      <Filter>addons\ofxOpenCv\libs\opencv\include\opencv2\core\utils</Filter>
    </ClInclude>
    <ClInclude Include="..\..\addons\ofxOpenCv\libs\opencv\include\opencv2\core\utils\logger.hpp">
      <Filter>addons\ofxOpenCv\libs\opencv\include\opencv2\core\utils</Filter>
    </ClInclude>
    <ClInclude Include="..\..\addons\ofxOpenCv\libs\opencv\include\opencv2\core\utils\logtag.hpp">
      <Filter>addons\ofxOpenCv\libs\opencv\include\opencv2\core\utils</Filter>
    </ClInclude>
    <ClInclude Include="..\..\addons\ofxOpenCv\libs\opencv\include\opencv2\core\utils\tls.hpp">
      <Filter>addons\ofxOpenCv\libs\opencv\include\opencv2\core\utils</Filter>
    </ClInclude>
    <ClInclude Include="..\..\addons\ofxOpenCv\libs\opencv\include\opencv2\core\utils\trace.hpp">
      <Filter>addons\ofxOpenCv\libs\opencv\include\opencv2\core\utils</Filter>
    </ClInclude>
    <ClInclude Include="..\..\addons\ofxOpenCv\libs\opencv\include\opencv2\core\va_intel.hpp">
      <Filter>addons\ofxOpenCv\libs\opencv\include\opencv2\core</Filter>
    </ClInclude>
    <ClInclude Include="..\..\addons\ofxOpenCv\libs\opencv\include\opencv2\core\version.hpp">
      <Filter>addons\ofxOpenCv\libs\opencv\include\opencv2\core</Filter>
    </ClInclude>
    <ClInclude Include="..\..\addons\ofxOpenCv\libs\opencv\include\opencv2\core\vsx_utils.hpp">
      <Filter>addons\ofxOpenCv\libs\opencv\include\opencv2\core</Filter>
    </ClInclude>
    <ClInclude Include="..\..\addons\ofxOpenCv\libs\opencv\include\opencv2\core.hpp">
      <Filter>addons\ofxOpenCv\libs\opencv\include\opencv2</Filter>
    </ClInclude>
    <ClInclude Include="..\..\addons\ofxOpenCv\libs\opencv\include\opencv2\cvconfig.h">
      <Filter>addons\ofxOpenCv\libs\opencv\include\opencv2</Filter>
    </ClInclude>
    <ClInclude Include="..\..\addons\ofxOpenCv\libs\opencv\include\opencv2\dnn\all_layers.hpp">
      <Filter>addons\ofxOpenCv\libs\opencv\include\opencv2\dnn</Filter>
    </ClInclude>
    <ClInclude Include="..\..\addons\ofxOpenCv\libs\opencv\include\opencv2\dnn\dict.hpp">
      <Filter>addons\ofxOpenCv\libs\opencv\include\opencv2\dnn</Filter>
    </ClInclude>
    <ClInclude Include="..\..\addons\ofxOpenCv\libs\opencv\include\opencv2\dnn\dnn.hpp">
      <Filter>addons\ofxOpenCv\libs\opencv\include\opencv2\dnn</Filter>
    </ClInclude>
    <ClInclude Include="..\..\addons\ofxOpenCv\libs\opencv\include\opencv2\dnn\dnn.inl.hpp">
      <Filter>addons\ofxOpenCv\libs\opencv\include\opencv2\dnn</Filter>
    </ClInclude>
    <ClInclude Include="..\..\addons\ofxOpenCv\libs\opencv\include\opencv2\dnn\layer.details.hpp">
      <Filter>addons\ofxOpenCv\libs\opencv\include\opencv2\dnn</Filter>
    </ClInclude>
    <ClInclude Include="..\..\addons\ofxOpenCv\libs\opencv\include\opencv2\dnn\layer.hpp">
      <Filter>addons\ofxOpenCv\libs\opencv\include\opencv2\dnn</Filter>
    </ClInclude>
    <ClInclude Include="..\..\addons\ofxOpenCv\libs\opencv\include\opencv2\dnn\shape_utils.hpp">
      <Filter>addons\ofxOpenCv\libs\opencv\include\opencv2\dnn</Filter>
    </ClInclude>
    <ClInclude Include="..\..\addons\ofxOpenCv\libs\opencv\include\opencv2\dnn\utils\debug_utils.hpp">
      <Filter>addons\ofxOpenCv\libs\opencv\include\opencv2\dnn\utils</Filter>
    </ClInclude>
    <ClInclude Include="..\..\addons\ofxOpenCv\libs\opencv\include\opencv2\dnn\utils\inference_engine.hpp">
      <Filter>addons\ofxOpenCv\libs\opencv\include\opencv2\dnn\utils</Filter>
    </ClInclude>
    <ClInclude Include="..\..\addons\ofxOpenCv\libs\opencv\include\opencv2\dnn\version.hpp">
      <Filter>addons\ofxOpenCv\libs\opencv\include\opencv2\dnn</Filter>
    </ClInclude>
    <ClInclude Include="..\..\addons\ofxOpenCv\libs\opencv\include\opencv2\dnn.hpp">
      <Filter>addons\ofxOpenCv\libs\opencv\include\opencv2</Filter>
    </ClInclude>
    <ClInclude Include="..\..\addons\ofxOpenCv\libs\opencv\include\opencv2\features2d\features2d.hpp">
      <Filter>addons\ofxOpenCv\libs\opencv\include\opencv2\features2d</Filter>
    </ClInclude>
    <ClInclude Include="..\..\addons\ofxOpenCv\libs\opencv\include\opencv2\features2d\hal\interface.h">
      <Filter>addons\ofxOpenCv\libs\opencv\include\opencv2\features2d\hal</Filter>
    </ClInclude>
    <ClInclude Include="..\..\addons\ofxOpenCv\libs\opencv\include\opencv2\features2d.hpp">
      <Filter>addons\ofxOpenCv\libs\opencv\include\opencv2</Filter>
    </ClInclude>
    <ClInclude Include="..\..\addons\ofxOpenCv\libs\opencv\include\opencv2\flann\allocator.h">
      <Filter>addons\ofxOpenCv\libs\opencv\include\opencv2\flann</Filter>
    </ClInclude>
    <ClInclude Include="..\..\addons\ofxOpenCv\libs\opencv\include\opencv2\flann\all_indices.h">
      <Filter>addons\ofxOpenCv\libs\opencv\include\opencv2\flann</Filter>
    </ClInclude>
    <ClInclude Include="..\..\addons\ofxOpenCv\libs\opencv\include\opencv2\flann\any.h">
      <Filter>addons\ofxOpenCv\libs\opencv\include\opencv2\flann</Filter>
    </ClInclude>
    <ClInclude Include="..\..\addons\ofxOpenCv\libs\opencv\include\opencv2\flann\autotuned_index.h">
      <Filter>addons\ofxOpenCv\libs\opencv\include\opencv2\flann</Filter>
    </ClInclude>
    <ClInclude Include="..\..\addons\ofxOpenCv\libs\opencv\include\opencv2\flann\composite_index.h">
      <Filter>addons\ofxOpenCv\libs\opencv\include\opencv2\flann</Filter>
    </ClInclude>
    <ClInclude Include="..\..\addons\ofxOpenCv\libs\opencv\include\opencv2\flann\config.h">
      <Filter>addons\ofxOpenCv\libs\opencv\include\opencv2\flann</Filter>
    </ClInclude>
    <ClInclude Include="..\..\addons\ofxOpenCv\libs\opencv\include\opencv2\flann\defines.h">
      <Filter>addons\ofxOpenCv\libs\opencv\include\opencv2\flann</Filter>
    </ClInclude>
    <ClInclude Include="..\..\addons\ofxOpenCv\libs\opencv\include\opencv2\flann\dist.h">
      <Filter>addons\ofxOpenCv\libs\opencv\include\opencv2\flann</Filter>
    </ClInclude>
    <ClInclude Include="..\..\addons\ofxOpenCv\libs\opencv\include\opencv2\flann\dummy.h">
      <Filter>addons\ofxOpenCv\libs\opencv\include\opencv2\flann</Filter>
    </ClInclude>
    <ClInclude Include="..\..\addons\ofxOpenCv\libs\opencv\include\opencv2\flann\dynamic_bitset.h">
      <Filter>addons\ofxOpenCv\libs\opencv\include\opencv2\flann</Filter>
    </ClInclude>
    <ClInclude Include="..\..\addons\ofxOpenCv\libs\opencv\include\opencv2\flann\flann.hpp">
      <Filter>addons\ofxOpenCv\libs\opencv\include\opencv2\flann</Filter>
    </ClInclude>
    <ClInclude Include="..\..\addons\ofxOpenCv\libs\opencv\include\opencv2\flann\flann_base.hpp">
      <Filter>addons\ofxOpenCv\libs\opencv\include\opencv2\flann</Filter>
    </ClInclude>
    <ClInclude Include="..\..\addons\ofxOpenCv\libs\opencv\include\opencv2\flann\general.h">
      <Filter>addons\ofxOpenCv\libs\opencv\include\opencv2\flann</Filter>
    </ClInclude>
    <ClInclude Include="..\..\addons\ofxOpenCv\libs\opencv\include\opencv2\flann\ground_truth.h">
      <Filter>addons\ofxOpenCv\libs\opencv\include\opencv2\flann</Filter>
    </ClInclude>
    <ClInclude Include="..\..\addons\ofxOpenCv\libs\opencv\include\opencv2\flann\hdf5.h">
      <Filter>addons\ofxOpenCv\libs\opencv\include\opencv2\flann</Filter>
    </ClInclude>
    <ClInclude Include="..\..\addons\ofxOpenCv\libs\opencv\include\opencv2\flann\heap.h">
      <Filter>addons\ofxOpenCv\libs\opencv\include\opencv2\flann</Filter>
    </ClInclude>
    <ClInclude Include="..\..\addons\ofxOpenCv\libs\opencv\include\opencv2\flann\hierarchical_clustering_index.h">
      <Filter>addons\ofxOpenCv\libs\opencv\include\opencv2\flann</Filter>
    </ClInclude>
    <ClInclude Include="..\..\addons\ofxOpenCv\libs\opencv\include\opencv2\flann\index_testing.h">
      <Filter>addons\ofxOpenCv\libs\opencv\include\opencv2\flann</Filter>
    </ClInclude>
    <ClInclude Include="..\..\addons\ofxOpenCv\libs\opencv\include\opencv2\flann\kdtree_index.h">
      <Filter>addons\ofxOpenCv\libs\opencv\include\opencv2\flann</Filter>
    </ClInclude>
    <ClInclude Include="..\..\addons\ofxOpenCv\libs\opencv\include\opencv2\flann\kdtree_single_index.h">
      <Filter>addons\ofxOpenCv\libs\opencv\include\opencv2\flann</Filter>
    </ClInclude>
    <ClInclude Include="..\..\addons\ofxOpenCv\libs\opencv\include\opencv2\flann\kmeans_index.h">
      <Filter>addons\ofxOpenCv\libs\opencv\include\opencv2\flann</Filter>
    </ClInclude>
    <ClInclude Include="..\..\addons\ofxOpenCv\libs\opencv\include\opencv2\flann\linear_index.h">
      <Filter>addons\ofxOpenCv\libs\opencv\include\opencv2\flann</Filter>
    </ClInclude>
    <ClInclude Include="..\..\addons\ofxOpenCv\libs\opencv\include\opencv2\flann\logger.h">
      <Filter>addons\ofxOpenCv\libs\opencv\include\opencv2\flann</Filter>
    </ClInclude>
    <ClInclude Include="..\..\addons\ofxOpenCv\libs\opencv\include\opencv2\flann\lsh_index.h">
      <Filter>addons\ofxOpenCv\libs\opencv\include\opencv2\flann</Filter>
    </ClInclude>
    <ClInclude Include="..\..\addons\ofxOpenCv\libs\opencv\include\opencv2\flann\lsh_table.h">
      <Filter>addons\ofxOpenCv\libs\opencv\include\opencv2\flann</Filter>
    </ClInclude>
    <ClInclude Include="..\..\addons\ofxOpenCv\libs\opencv\include\opencv2\flann\matrix.h">
      <Filter>addons\ofxOpenCv\libs\opencv\include\opencv2\flann</Filter>
    </ClInclude>
    <ClInclude Include="..\..\addons\ofxOpenCv\libs\opencv\include\opencv2\flann\miniflann.hpp">
      <Filter>addons\ofxOpenCv\libs\opencv\include\opencv2\flann</Filter>
    </ClInclude>
    <ClInclude Include="..\..\addons\ofxOpenCv\libs\opencv\include\opencv2\flann\nn_index.h">
      <Filter>addons\ofxOpenCv\libs\opencv\include\opencv2\flann</Filter>
    </ClInclude>
    <ClInclude Include="..\..\addons\ofxOpenCv\libs\opencv\include\opencv2\flann\object_factory.h">
      <Filter>addons\ofxOpenCv\libs\opencv\include\opencv2\flann</Filter>
    </ClInclude>
    <ClInclude Include="..\..\addons\ofxOpenCv\libs\opencv\include\opencv2\flann\params.h">
      <Filter>addons\ofxOpenCv\libs\opencv\include\opencv2\flann</Filter>
    </ClInclude>
    <ClInclude Include="..\..\addons\ofxOpenCv\libs\opencv\include\opencv2\flann\random.h">
      <Filter>addons\ofxOpenCv\libs\opencv\include\opencv2\flann</Filter>
    </ClInclude>
    <ClInclude Include="..\..\addons\ofxOpenCv\libs\opencv\include\opencv2\flann\result_set.h">
      <Filter>addons\ofxOpenCv\libs\opencv\include\opencv2\flann</Filter>
    </ClInclude>
    <ClInclude Include="..\..\addons\ofxOpenCv\libs\opencv\include\opencv2\flann\sampling.h">
      <Filter>addons\ofxOpenCv\libs\opencv\include\opencv2\flann</Filter>
    </ClInclude>
    <ClInclude Include="..\..\addons\ofxOpenCv\libs\opencv\include\opencv2\flann\saving.h">
      <Filter>addons\ofxOpenCv\libs\opencv\include\opencv2\flann</Filter>
    </ClInclude>
    <ClInclude Include="..\..\addons\ofxOpenCv\libs\opencv\include\opencv2\flann\simplex_downhill.h">
      <Filter>addons\ofxOpenCv\libs\opencv\include\opencv2\flann</Filter>
    </ClInclude>
    <ClInclude Include="..\..\addons\ofxOpenCv\libs\opencv\include\opencv2\flann\timer.h">
      <Filter>addons\ofxOpenCv\libs\opencv\include\opencv2\flann</Filter>
    </ClInclude>
    <ClInclude Include="..\..\addons\ofxOpenCv\libs\opencv\include\opencv2\flann.hpp">
      <Filter>addons\ofxOpenCv\libs\opencv\include\opencv2</Filter>
    </ClInclude>
    <ClInclude Include="..\..\addons\ofxOpenCv\libs\opencv\include\opencv2\imgcodecs\imgcodecs.hpp">
      <Filter>addons\ofxOpenCv\libs\opencv\include\opencv2\imgcodecs</Filter>
    </ClInclude>
    <ClInclude Include="..\..\addons\ofxOpenCv\libs\opencv\include\opencv2\imgcodecs\imgcodecs_c.h">
      <Filter>addons\ofxOpenCv\libs\opencv\include\opencv2\imgcodecs</Filter>
    </ClInclude>
    <ClInclude Include="..\..\addons\ofxOpenCv\libs\opencv\include\opencv2\imgcodecs\ios.h">
      <Filter>addons\ofxOpenCv\libs\opencv\include\opencv2\imgcodecs</Filter>
    </ClInclude>
    <ClInclude Include="..\..\addons\ofxOpenCv\libs\opencv\include\opencv2\imgcodecs\legacy\constants_c.h">
      <Filter>addons\ofxOpenCv\libs\opencv\include\opencv2\imgcodecs\legacy</Filter>
    </ClInclude>
    <ClInclude Include="..\..\addons\ofxOpenCv\libs\opencv\include\opencv2\imgcodecs\macosx.h">
      <Filter>addons\ofxOpenCv\libs\opencv\include\opencv2\imgcodecs</Filter>
    </ClInclude>
    <ClInclude Include="..\..\addons\ofxOpenCv\libs\opencv\include\opencv2\imgcodecs.hpp">
      <Filter>addons\ofxOpenCv\libs\opencv\include\opencv2</Filter>
    </ClInclude>
    <ClInclude Include="..\..\addons\ofxOpenCv\libs\opencv\include\opencv2\imgproc\bindings.hpp">
      <Filter>addons\ofxOpenCv\libs\opencv\include\opencv2\imgproc</Filter>
    </ClInclude>
    <ClInclude Include="..\..\addons\ofxOpenCv\libs\opencv\include\opencv2\imgproc\detail\gcgraph.hpp">
      <Filter>addons\ofxOpenCv\libs\opencv\include\opencv2\imgproc\detail</Filter>
    </ClInclude>
    <ClInclude Include="..\..\addons\ofxOpenCv\libs\opencv\include\opencv2\imgproc\hal\hal.hpp">
      <Filter>addons\ofxOpenCv\libs\opencv\include\opencv2\imgproc\hal</Filter>
    </ClInclude>
    <ClInclude Include="..\..\addons\ofxOpenCv\libs\opencv\include\opencv2\imgproc\hal\interface.h">
      <Filter>addons\ofxOpenCv\libs\opencv\include\opencv2\imgproc\hal</Filter>
    </ClInclude>
    <ClInclude Include="..\..\addons\ofxOpenCv\libs\opencv\include\opencv2\imgproc\imgproc.hpp">
      <Filter>addons\ofxOpenCv\libs\opencv\include\opencv2\imgproc</Filter>
    </ClInclude>
    <ClInclude Include="..\..\addons\ofxOpenCv\libs\opencv\include\opencv2\imgproc\imgproc_c.h">
      <Filter>addons\ofxOpenCv\libs\opencv\include\opencv2\imgproc</Filter>
    </ClInclude>
    <ClInclude Include="..\..\addons\ofxOpenCv\libs\opencv\include\opencv2\imgproc\segmentation.hpp">
      <Filter>addons\ofxOpenCv\libs\opencv\include\opencv2\imgproc</Filter>
    </ClInclude>
    <ClInclude Include="..\..\addons\ofxOpenCv\libs\opencv\include\opencv2\imgproc\types_c.h">
      <Filter>addons\ofxOpenCv\libs\opencv\include\opencv2\imgproc</Filter>
    </ClInclude>
    <ClInclude Include="..\..\addons\ofxOpenCv\libs\opencv\include\opencv2\imgproc.hpp">
      <Filter>addons\ofxOpenCv\libs\opencv\include\opencv2</Filter>
    </ClInclude>
    <ClInclude Include="..\..\addons\ofxOpenCv\libs\opencv\include\opencv2\ml\ml.hpp">
      <Filter>addons\ofxOpenCv\libs\opencv\include\opencv2\ml</Filter>
    </ClInclude>
    <ClInclude Include="..\..\addons\ofxOpenCv\libs\opencv\include\opencv2\ml\ml.inl.hpp">
      <Filter>addons\ofxOpenCv\libs\opencv\include\opencv2\ml</Filter>
    </ClInclude>
    <ClInclude Include="..\..\addons\ofxOpenCv\libs\opencv\include\opencv2\ml.hpp">
      <Filter>addons\ofxOpenCv\libs\opencv\include\opencv2</Filter>
    </ClInclude>
    <ClInclude Include="..\..\addons\ofxOpenCv\libs\opencv\include\opencv2\objdetect\aruco_board.hpp">
      <Filter>addons\ofxOpenCv\libs\opencv\include\opencv2\objdetect</Filter>
    </ClInclude>
    <ClInclude Include="..\..\addons\ofxOpenCv\libs\opencv\include\opencv2\objdetect\aruco_detector.hpp">
      <Filter>addons\ofxOpenCv\libs\opencv\include\opencv2\objdetect</Filter>
    </ClInclude>
    <ClInclude Include="..\..\addons\ofxOpenCv\libs\opencv\include\opencv2\objdetect\aruco_dictionary.hpp">
      <Filter>addons\ofxOpenCv\libs\opencv\include\opencv2\objdetect</Filter>
    </ClInclude>
    <ClInclude Include="..\..\addons\ofxOpenCv\libs\opencv\include\opencv2\objdetect\barcode.hpp">
      <Filter>addons\ofxOpenCv\libs\opencv\include\opencv2\objdetect</Filter>
    </ClInclude>
    <ClInclude Include="..\..\addons\ofxOpenCv\libs\opencv\include\opencv2\objdetect\charuco_detector.hpp">
      <Filter>addons\ofxOpenCv\libs\opencv\include\opencv2\objdetect</Filter>
    </ClInclude>
    <ClInclude Include="..\..\addons\ofxOpenCv\libs\opencv\include\opencv2\objdetect\detection_based_tracker.hpp">
      <Filter>addons\ofxOpenCv\libs\opencv\include\opencv2\objdetect</Filter>
    </ClInclude>
    <ClInclude Include="..\..\addons\ofxOpenCv\libs\opencv\include\opencv2\objdetect\face.hpp">
      <Filter>addons\ofxOpenCv\libs\opencv\include\opencv2\objdetect</Filter>
    </ClInclude>
    <ClInclude Include="..\..\addons\ofxOpenCv\libs\opencv\include\opencv2\objdetect\graphical_code_detector.hpp">
      <Filter>addons\ofxOpenCv\libs\opencv\include\opencv2\objdetect</Filter>
    </ClInclude>
    <ClInclude Include="..\..\addons\ofxOpenCv\libs\opencv\include\opencv2\objdetect\objdetect.hpp">
      <Filter>addons\ofxOpenCv\libs\opencv\include\opencv2\objdetect</Filter>
    </ClInclude>
    <ClInclude Include="..\..\addons\ofxOpenCv\libs\opencv\include\opencv2\objdetect.hpp">
      <Filter>addons\ofxOpenCv\libs\opencv\include\opencv2</Filter>
    </ClInclude>
    <ClInclude Include="..\..\addons\ofxOpenCv\libs\opencv\include\opencv2\opencv.hpp">
      <Filter>addons\ofxOpenCv\libs\opencv\include\opencv2</Filter>
    </ClInclude>
    <ClInclude Include="..\..\addons\ofxOpenCv\libs\opencv\include\opencv2\opencv_modules.hpp">
      <Filter>addons\ofxOpenCv\libs\opencv\include\opencv2</Filter>
    </ClInclude>
    <ClInclude Include="..\..\addons\ofxOpenCv\libs\opencv\include\opencv2\photo\cuda.hpp">
      <Filter>addons\ofxOpenCv\libs\opencv\include\opencv2\photo</Filter>
    </ClInclude>
    <ClInclude Include="..\..\addons\ofxOpenCv\libs\opencv\include\opencv2\photo\legacy\constants_c.h">
      <Filter>addons\ofxOpenCv\libs\opencv\include\opencv2\photo\legacy</Filter>
    </ClInclude>
    <ClInclude Include="..\..\addons\ofxOpenCv\libs\opencv\include\opencv2\photo\photo.hpp">
      <Filter>addons\ofxOpenCv\libs\opencv\include\opencv2\photo</Filter>
    </ClInclude>
    <ClInclude Include="..\..\addons\ofxOpenCv\libs\opencv\include\opencv2\photo.hpp">
      <Filter>addons\ofxOpenCv\libs\opencv\include\opencv2</Filter>
    </ClInclude>
    <ClInclude Include="..\..\addons\ofxOpenCv\libs\opencv\include\opencv2\stitching\detail\autocalib.hpp">
      <Filter>addons\ofxOpenCv\libs\opencv\include\opencv2\stitching\detail</Filter>
    </ClInclude>
    <ClInclude Include="..\..\addons\ofxOpenCv\libs\opencv\include\opencv2\stitching\detail\blenders.hpp">
      <Filter>addons\ofxOpenCv\libs\opencv\include\opencv2\stitching\detail</Filter>
    </ClInclude>
    <ClInclude Include="..\..\addons\ofxOpenCv\libs\opencv\include\opencv2\stitching\detail\camera.hpp">
      <Filter>addons\ofxOpenCv\libs\opencv\include\opencv2\stitching\detail</Filter>
    </ClInclude>
    <ClInclude Include="..\..\addons\ofxOpenCv\libs\opencv\include\opencv2\stitching\detail\exposure_compensate.hpp">
      <Filter>addons\ofxOpenCv\libs\opencv\include\opencv2\stitching\detail</Filter>
    </ClInclude>
    <ClInclude Include="..\..\addons\ofxOpenCv\libs\opencv\include\opencv2\stitching\detail\matchers.hpp">
      <Filter>addons\ofxOpenCv\libs\opencv\include\opencv2\stitching\detail</Filter>
    </ClInclude>
    <ClInclude Include="..\..\addons\ofxOpenCv\libs\opencv\include\opencv2\stitching\detail\motion_estimators.hpp">
      <Filter>addons\ofxOpenCv\libs\opencv\include\opencv2\stitching\detail</Filter>
    </ClInclude>
    <ClInclude Include="..\..\addons\ofxOpenCv\libs\opencv\include\opencv2\stitching\detail\seam_finders.hpp">
      <Filter>addons\ofxOpenCv\libs\opencv\include\opencv2\stitching\detail</Filter>
    </ClInclude>
    <ClInclude Include="..\..\addons\ofxOpenCv\libs\opencv\include\opencv2\stitching\detail\timelapsers.hpp">
      <Filter>addons\ofxOpenCv\libs\opencv\include\opencv2\stitching\detail</Filter>
    </ClInclude>
    <ClInclude Include="..\..\addons\ofxOpenCv\libs\opencv\include\opencv2\stitching\detail\util.hpp">
      <Filter>addons\ofxOpenCv\libs\opencv\include\opencv2\stitching\detail</Filter>
    </ClInclude>
    <ClInclude Include="..\..\addons\ofxOpenCv\libs\opencv\include\opencv2\stitching\detail\util_inl.hpp">
      <Filter>addons\ofxOpenCv\libs\opencv\include\opencv2\stitching\detail</Filter>
    </ClInclude>
    <ClInclude Include="..\..\addons\ofxOpenCv\libs\opencv\include\opencv2\stitching\detail\warpers.hpp">
      <Filter>addons\ofxOpenCv\libs\opencv\include\opencv2\stitching\detail</Filter>
    </ClInclude>
    <ClInclude Include="..\..\addons\ofxOpenCv\libs\opencv\include\opencv2\stitching\detail\warpers_inl.hpp">
      <Filter>addons\ofxOpenCv\libs\opencv\include\opencv2\stitching\detail</Filter>
    </ClInclude>
    <ClInclude Include="..\..\addons\ofxOpenCv\libs\opencv\include\opencv2\stitching\warpers.hpp">
      <Filter>addons\ofxOpenCv\libs\opencv\include\opencv2\stitching</Filter>
    </ClInclude>
    <ClInclude Include="..\..\addons\ofxOpenCv\libs\opencv\include\opencv2\stitching.hpp">
      <Filter>addons\ofxOpenCv\libs\opencv\include\opencv2</Filter>
    </ClInclude>
    <ClInclude Include="..\..\addons\ofxOpenCv\libs\opencv\include\opencv2\video\background_segm.hpp">
      <Filter>addons\ofxOpenCv\libs\opencv\include\opencv2\video</Filter>
    </ClInclude>
    <ClInclude Include="..\..\addons\ofxOpenCv\libs\opencv\include\opencv2\video\detail\tracking.detail.hpp">
      <Filter>addons\ofxOpenCv\libs\opencv\include\opencv2\video\detail</Filter>
    </ClInclude>
    <ClInclude Include="..\..\addons\ofxOpenCv\libs\opencv\include\opencv2\video\legacy\constants_c.h">
      <Filter>addons\ofxOpenCv\libs\opencv\include\opencv2\video\legacy</Filter>
    </ClInclude>
    <ClInclude Include="..\..\addons\ofxOpenCv\libs\opencv\include\opencv2\video\tracking.hpp">
      <Filter>addons\ofxOpenCv\libs\opencv\include\opencv2\video</Filter>
    </ClInclude>
    <ClInclude Include="..\..\addons\ofxOpenCv\libs\opencv\include\opencv2\video\video.hpp">
      <Filter>addons\ofxOpenCv\libs\opencv\include\opencv2\video</Filter>
    </ClInclude>
    <ClInclude Include="..\..\addons\ofxOpenCv\libs\opencv\include\opencv2\video.hpp">
      <Filter>addons\ofxOpenCv\libs\opencv\include\opencv2</Filter>
    </ClInclude>
    <ClInclude Include="..\..\addons\ofxCv\src\ofxCv.h">
      <Filter>addons\ofxCv\src</Filter>
    </ClInclude>
    <ClInclude Include="..\..\addons\ofxCv\libs\CLD\include\CLD\ETF.h">
      <Filter>addons\ofxCv\libs\CLD\include\CLD</Filter>
    </ClInclude>
    <ClInclude Include="..\..\addons\ofxCv\libs\CLD\include\CLD\fdog.h">
      <Filter>addons\ofxCv\libs\CLD\include\CLD</Filter>
    </ClInclude>
    <ClInclude Include="..\..\addons\ofxCv\libs\CLD\include\CLD\imatrix.h">
      <Filter>addons\ofxCv\libs\CLD\include\CLD</Filter>
    </ClInclude>
    <ClInclude Include="..\..\addons\ofxCv\libs\CLD\include\CLD\myvec.h">
      <Filter>addons\ofxCv\libs\CLD\include\CLD</Filter>
    </ClInclude>
    <ClInclude Include="..\..\addons\ofxCv\libs\ofxCv\include\ofxCv\Calibration.h">
      <Filter>addons\ofxCv\libs\ofxCv\include\ofxCv</Filter>
    </ClInclude>
    <ClInclude Include="..\..\addons\ofxCv\libs\ofxCv\include\ofxCv\ContourFinder.h">
      <Filter>addons\ofxCv\libs\ofxCv\include\ofxCv</Filter>
    </ClInclude>
    <ClInclude Include="..\..\addons\ofxCv\libs\ofxCv\include\ofxCv\Distance.h">
      <Filter>addons\ofxCv\libs\ofxCv\include\ofxCv</Filter>
    </ClInclude>
    <ClInclude Include="..\..\addons\ofxCv\libs\ofxCv\include\ofxCv\Flow.h">
      <Filter>addons\ofxCv\libs\ofxCv\include\ofxCv</Filter>
    </ClInclude>
    <ClInclude Include="..\..\addons\ofxCv\libs\ofxCv\include\ofxCv\Helpers.h">
      <Filter>addons\ofxCv\libs\ofxCv\include\ofxCv</Filter>
    </ClInclude>
    <ClInclude Include="..\..\addons\ofxCv\libs\ofxCv\include\ofxCv\Kalman.h">
      <Filter>addons\ofxCv\libs\ofxCv\include\ofxCv</Filter>
    </ClInclude>
    <ClInclude Include="..\..\addons\ofxCv\libs\ofxCv\include\ofxCv\ObjectFinder.h">
      <Filter>addons\ofxCv\libs\ofxCv\include\ofxCv</Filter>
    </ClInclude>
    <ClInclude Include="..\..\addons\ofxCv\libs\ofxCv\include\ofxCv\RunningBackground.h">
      <Filter>addons\ofxCv\libs\ofxCv\include\ofxCv</Filter>
    </ClInclude>
    <ClInclude Include="..\..\addons\ofxCv\libs\ofxCv\include\ofxCv\Tracker.h">
      <Filter>addons\ofxCv\libs\ofxCv\include\ofxCv</Filter>
    </ClInclude>
    <ClInclude Include="..\..\addons\ofxCv\libs\ofxCv\include\ofxCv\Utilities.h">
      <Filter>addons\ofxCv\libs\ofxCv\include\ofxCv</Filter>
    </ClInclude>
    <ClInclude Include="..\..\addons\ofxCv\libs\ofxCv\include\ofxCv\Wrappers.h">
      <Filter>addons\ofxCv\libs\ofxCv\include\ofxCv</Filter>
    </ClInclude>
    <ClInclude Include="..\..\addons\ofxImGui\src\BaseEngine.h">
      <Filter>addons\ofxImGui\src</Filter>
    </ClInclude>
    <ClInclude Include="..\..\addons\ofxImGui\src\BaseTheme.h">
      <Filter>addons\ofxImGui\src</Filter>
    </ClInclude>
    <ClInclude Include="..\..\addons\ofxImGui\src\DefaultTheme.h">
      <Filter>addons\ofxImGui\src</Filter>
    </ClInclude>
    <ClInclude Include="..\..\addons\ofxImGui\src\EngineGLFW.h">
      <Filter>addons\ofxImGui\src</Filter>
    </ClInclude>
    <ClInclude Include="..\..\addons\ofxImGui\src\EngineOpenGLES.h">
      <Filter>addons\ofxImGui\src</Filter>
    </ClInclude>
    <ClInclude Include="..\..\addons\ofxImGui\src\EngineVk.h">
      <Filter>addons\ofxImGui\src</Filter>
    </ClInclude>
    <ClInclude Include="..\..\addons\ofxImGui\src\Gui.h">
      <Filter>addons\ofxImGui\src</Filter>
    </ClInclude>
    <ClInclude Include="..\..\addons\ofxImGui\src\imconfig.h">
      <Filter>addons\ofxImGui\src</Filter>
    </ClInclude>
    <ClInclude Include="..\..\addons\ofxImGui\src\ImHelpers.h">
      <Filter>addons\ofxImGui\src</Filter>
    </ClInclude>
    <ClInclude Include="..\..\addons\ofxImGui\src\ofxImGui.h">
      <Filter>addons\ofxImGui\src</Filter>
    </ClInclude>
    <ClInclude Include="..\..\addons\ofxImGui\src\ofxImGuiLoggerChannel.h">
      <Filter>addons\ofxImGui\src</Filter>
    </ClInclude>
    <ClInclude Include="..\..\addons\ofxImGui\libs\imgui\src\imgui.h">
      <Filter>addons\ofxImGui\libs\imgui\src</Filter>
    </ClInclude>
    <ClInclude Include="..\..\addons\ofxImGui\libs\imgui\src\imgui_internal.h">
      <Filter>addons\ofxImGui\libs\imgui\src</Filter>
    </ClInclude>
    <ClInclude Include="..\..\addons\ofxImGui\libs\imgui\src\imstb_rectpack.h">
      <Filter>addons\ofxImGui\libs\imgui\src</Filter>
    </ClInclude>
    <ClInclude Include="..\..\addons\ofxImGui\libs\imgui\src\imstb_textedit.h">
      <Filter>addons\ofxImGui\libs\imgui\src</Filter>
    </ClInclude>
    <ClInclude Include="..\..\addons\ofxImGui\libs\imgui\src\imstb_truetype.h">
      <Filter>addons\ofxImGui\libs\imgui\src</Filter>
    </ClInclude>
    <ClInclude Include="..\..\addons\ofxOrnament\src\ofxOrnament.h">
      <Filter>addons\ofxOrnament\src</Filter>
    </ClInclude>
    <ClInclude Include="..\..\addons\ofxOrnament\src\Ornament.h">
      <Filter>addons\ofxOrnament\src</Filter>
    </ClInclude>
    <ClInclude Include="..\..\addons\ofxOrnament\src\OrnamentTypes.h">
      <Filter>addons\ofxOrnament\src</Filter>
    </ClInclude>
    <ClInclude Include="..\..\addons\ofxOrnament\src\Tile.h">
      <Filter>addons\ofxOrnament\src</Filter>
    </ClInclude>
    <ClInclude Include="..\..\addons\ofxOrnament\src\TileFactory.h">
      <Filter>addons\ofxOrnament\src</Filter>
    </ClInclude>
    <ClInclude Include="..\..\addons\ofxOrnament\src\types\Tile_CM.h">
      <Filter>addons\ofxOrnament\src\types</Filter>
    </ClInclude>
    <ClInclude Include="..\..\addons\ofxOrnament\src\types\Tile_CMM.h">
      <Filter>addons\ofxOrnament\src\types</Filter>
    </ClInclude>
    <ClInclude Include="..\..\addons\ofxOrnament\src\types\Tile_P1.h">
      <Filter>addons\ofxOrnament\src\types</Filter>
    </ClInclude>
    <ClInclude Include="..\..\addons\ofxOrnament\src\types\Tile_P2.h">
      <Filter>addons\ofxOrnament\src\types</Filter>
    </ClInclude>
    <ClInclude Include="..\..\addons\ofxOrnament\src\types\Tile_P3.h">
      <Filter>addons\ofxOrnament\src\types</Filter>
    </ClInclude>
    <ClInclude Include="..\..\addons\ofxOrnament\src\types\Tile_P31M.h">
      <Filter>addons\ofxOrnament\src\types</Filter>
    </ClInclude>
    <ClInclude Include="..\..\addons\ofxOrnament\src\types\Tile_P3M1.h">
      <Filter>addons\ofxOrnament\src\types</Filter>
    </ClInclude>
    <ClInclude Include="..\..\addons\ofxOrnament\src\types\Tile_P4.h">
      <Filter>addons\ofxOrnament\src\types</Filter>
    </ClInclude>
    <ClInclude Include="..\..\addons\ofxOrnament\src\types\Tile_P4G.h">
      <Filter>addons\ofxOrnament\src\types</Filter>
    </ClInclude>
    <ClInclude Include="..\..\addons\ofxOrnament\src\types\Tile_P4M.h">
      <Filter>addons\ofxOrnament\src\types</Filter>
    </ClInclude>
    <ClInclude Include="..\..\addons\ofxOrnament\src\types\Tile_P6.h">
      <Filter>addons\ofxOrnament\src\types</Filter>
    </ClInclude>
    <ClInclude Include="..\..\addons\ofxOrnament\src\types\Tile_P6M.h">
      <Filter>addons\ofxOrnament\src\types</Filter>
    </ClInclude>
    <ClInclude Include="..\..\addons\ofxOrnament\src\types\Tile_PG.h">
      <Filter>addons\ofxOrnament\src\types</Filter>
    </ClInclude>
    <ClInclude Include="..\..\addons\ofxOrnament\src\types\Tile_PGG.h">
      <Filter>addons\ofxOrnament\src\types</Filter>
    </ClInclude>
    <ClInclude Include="..\..\addons\ofxOrnament\src\types\Tile_PM.h">
      <Filter>addons\ofxOrnament\src\types</Filter>
    </ClInclude>
    <ClInclude Include="..\..\addons\ofxOrnament\src\types\Tile_PMG.h">
      <Filter>addons\ofxOrnament\src\types</Filter>
    </ClInclude>
    <ClInclude Include="..\..\addons\ofxOrnament\src\types\Tile_PMM.h">
      <Filter>addons\ofxOrnament\src\types</Filter>
    </ClInclude>
    <ClInclude Include="src\gui\IconsFontAwesome5.h">
      <Filter>src\gui</Filter>
    </ClInclude>
    <ClInclude Include="..\..\addons\ofxImGui\libs\imgui\extras\imgui_stdlib.h">
      <Filter>addons\ofxImGui\libs\imgui\src</Filter>
    </ClInclude>
    <ClInclude Include="..\..\addons\ofxImGui\libs\imgui\backends\imgui_impl_opengl2.h">
      <Filter>addons\ofxImGui\src</Filter>
    </ClInclude>
    <ClInclude Include="..\..\addons\ofxImGui\libs\imgui\backends\imgui_impl_opengl3.h">
      <Filter>addons\ofxImGui\src</Filter>
    </ClInclude>
    <ClInclude Include="..\..\addons\ofxImGui\libs\imgui\backends\imgui_impl_glfw.h">
      <Filter>addons\ofxImGui</Filter>
    </ClInclude>
    <ClInclude Include="..\..\addons\ofxImGui\libs\imgui\backends\imgui_impl_glfw_context_support.h">
      <Filter>addons\ofxImGui</Filter>
    </ClInclude>
    <ClInclude Include="src\imageFilters\imageFilter_Ornament.h">
      <Filter>src\imageFilters</Filter>
    </ClInclude>
    <ClInclude Include="src\generators\generator_Gradient.h">
      <Filter>src\generators</Filter>
    </ClInclude>
    <ClInclude Include="src\generators\generator_Stripes.h">
      <Filter>src\generators</Filter>
    </ClInclude>
    <ClInclude Include="src\gui\ImGradientHDR.h">
      <Filter>src\gui</Filter>
    </ClInclude>
    <ClInclude Include="src\imageFilters\imageFilter_Invert.h">
      <Filter>src\imageFilters</Filter>
    </ClInclude>
    <ClInclude Include="src\imageFilters\imageFilter_Dither.h">
      <Filter>src\imageFilters</Filter>
    </ClInclude>
    <ClInclude Include="src\generators\generator_Dots.h">
      <Filter>src\generators</Filter>
    </ClInclude>
  </ItemGroup>
  <ItemGroup>
    <ResourceCompile Include="icon.rc" />
  </ItemGroup>
</Project>